// !$*UTF8*$!
{
	archiveVersion = 1;
	classes = {
	};
	objectVersion = 55;
	objects = {

/* Begin PBXBuildFile section */
		053D936389B5299965350BE6 /* Pods_Netflix_NetflixUITests.framework in Frameworks */ = {isa = PBXBuildFile; fileRef = A70351BE97642B4564DA5DB6 /* Pods_Netflix_NetflixUITests.framework */; };
		165357344AC9CC8C97EFDC40 /* Pods_NetflixTests.framework in Frameworks */ = {isa = PBXBuildFile; fileRef = 56F7DD78A312E024E8ADA988 /* Pods_NetflixTests.framework */; };
		38A5C7B83F0B3502CFB3B9D2 /* Pods_Netflix.framework in Frameworks */ = {isa = PBXBuildFile; fileRef = 1CA855D95B16084E7B9DA125 /* Pods_Netflix.framework */; };
		5A0E9862283FAFB700BACC1F /* Colors.xcassets in Resources */ = {isa = PBXBuildFile; fileRef = 5A0E9861283FAFB700BACC1F /* Colors.xcassets */; };
		5A31D909283E138D006AEEAA /* swiftgen.yml in Resources */ = {isa = PBXBuildFile; fileRef = 5A31D908283E138D006AEEAA /* swiftgen.yml */; };
		5A51276C2840D01C00694205 /* FirstPageViewController.swift in Sources */ = {isa = PBXBuildFile; fileRef = 5A51276B2840D01C00694205 /* FirstPageViewController.swift */; };
		5A51276E2840D05500694205 /* SecondPageViewController.swift in Sources */ = {isa = PBXBuildFile; fileRef = 5A51276D2840D05500694205 /* SecondPageViewController.swift */; };
		5A61192F283FA6EA00F4A86F /* LaunchScreen.storyboard in Resources */ = {isa = PBXBuildFile; fileRef = 5A61192E283FA6EA00F4A86F /* LaunchScreen.storyboard */; };
		5A71C77A283E35EB00DA7B7C /* XCAssets+Generated.swift in Sources */ = {isa = PBXBuildFile; fileRef = 5A71C779283E35EB00DA7B7C /* XCAssets+Generated.swift */; };
		5A71C781283E462D00DA7B7C /* OnboardingViewController.swift in Sources */ = {isa = PBXBuildFile; fileRef = 5A71C780283E462D00DA7B7C /* OnboardingViewController.swift */; };
		5AB8CEB8283D46EB0040C56A /* SplashViewController.swift in Sources */ = {isa = PBXBuildFile; fileRef = 5AB8CEB7283D46EB0040C56A /* SplashViewController.swift */; };
		5AB8CEBA283D46F50040C56A /* SplashViewModel.swift in Sources */ = {isa = PBXBuildFile; fileRef = 5AB8CEB9283D46F50040C56A /* SplashViewModel.swift */; };
		5AB8CEBC283D470A0040C56A /* SplashCoordinator.swift in Sources */ = {isa = PBXBuildFile; fileRef = 5AB8CEBB283D470A0040C56A /* SplashCoordinator.swift */; };
		5AFAAFC42840DD3200F11183 /* DashboardViewController.swift in Sources */ = {isa = PBXBuildFile; fileRef = 5AFAAFC32840DD3200F11183 /* DashboardViewController.swift */; };
		5AFAAFC62840DD5A00F11183 /* HomeViewController.swift in Sources */ = {isa = PBXBuildFile; fileRef = 5AFAAFC52840DD5A00F11183 /* HomeViewController.swift */; };
		5AFAAFC82840DD8600F11183 /* ComingSoonViewController.swift in Sources */ = {isa = PBXBuildFile; fileRef = 5AFAAFC72840DD8600F11183 /* ComingSoonViewController.swift */; };
		5AFAAFCA2840DDA300F11183 /* FavoritesViewController.swift in Sources */ = {isa = PBXBuildFile; fileRef = 5AFAAFC92840DDA300F11183 /* FavoritesViewController.swift */; };
		5AFAAFCC2840E29E00F11183 /* OnboardingCoordinator.swift in Sources */ = {isa = PBXBuildFile; fileRef = 5AFAAFCB2840E29E00F11183 /* OnboardingCoordinator.swift */; };
		5AFEDBC6283D1CC0005DDDE0 /* .swiftlint.yml in Resources */ = {isa = PBXBuildFile; fileRef = 5AFEDBC5283D1CC0005DDDE0 /* .swiftlint.yml */; };
		95210FD6283BA0F4003D059D /* AppDelegate.swift in Sources */ = {isa = PBXBuildFile; fileRef = 95210FD5283BA0F4003D059D /* AppDelegate.swift */; };
		95210FD8283BA0F4003D059D /* SceneDelegate.swift in Sources */ = {isa = PBXBuildFile; fileRef = 95210FD7283BA0F4003D059D /* SceneDelegate.swift */; };
		95210FDA283BA0F4003D059D /* ViewController.swift in Sources */ = {isa = PBXBuildFile; fileRef = 95210FD9283BA0F4003D059D /* ViewController.swift */; };
		95210FDF283BA0F6003D059D /* Assets.xcassets in Resources */ = {isa = PBXBuildFile; fileRef = 95210FDE283BA0F6003D059D /* Assets.xcassets */; };
		95210FED283BA0F7003D059D /* NetflixTests.swift in Sources */ = {isa = PBXBuildFile; fileRef = 95210FEC283BA0F7003D059D /* NetflixTests.swift */; };
		95210FF7283BA0F7003D059D /* NetflixUITests.swift in Sources */ = {isa = PBXBuildFile; fileRef = 95210FF6283BA0F7003D059D /* NetflixUITests.swift */; };
		95210FF9283BA0F7003D059D /* NetflixUITestsLaunchTests.swift in Sources */ = {isa = PBXBuildFile; fileRef = 95210FF8283BA0F7003D059D /* NetflixUITestsLaunchTests.swift */; };
		AE0503B8284601000031D490 /* LoginViewModel.swift in Sources */ = {isa = PBXBuildFile; fileRef = AE0503B5284601000031D490 /* LoginViewModel.swift */; };
		AE0503B9284601000031D490 /* LoginCoordinator.swift in Sources */ = {isa = PBXBuildFile; fileRef = AE0503B6284601000031D490 /* LoginCoordinator.swift */; };
		AE0503BA284601000031D490 /* LoginViewController.swift in Sources */ = {isa = PBXBuildFile; fileRef = AE0503B7284601000031D490 /* LoginViewController.swift */; };
/* End PBXBuildFile section */

/* Begin PBXContainerItemProxy section */
		95210FE9283BA0F7003D059D /* PBXContainerItemProxy */ = {
			isa = PBXContainerItemProxy;
			containerPortal = 95210FCA283BA0F4003D059D /* Project object */;
			proxyType = 1;
			remoteGlobalIDString = 95210FD1283BA0F4003D059D;
			remoteInfo = Netflix;
		};
		95210FF3283BA0F7003D059D /* PBXContainerItemProxy */ = {
			isa = PBXContainerItemProxy;
			containerPortal = 95210FCA283BA0F4003D059D /* Project object */;
			proxyType = 1;
			remoteGlobalIDString = 95210FD1283BA0F4003D059D;
			remoteInfo = Netflix;
		};
/* End PBXContainerItemProxy section */

/* Begin PBXFileReference section */
		025C01A87C0EA36564C8B324 /* Pods-Netflix.release.xcconfig */ = {isa = PBXFileReference; includeInIndex = 1; lastKnownFileType = text.xcconfig; name = "Pods-Netflix.release.xcconfig"; path = "Target Support Files/Pods-Netflix/Pods-Netflix.release.xcconfig"; sourceTree = "<group>"; };
		1CA855D95B16084E7B9DA125 /* Pods_Netflix.framework */ = {isa = PBXFileReference; explicitFileType = wrapper.framework; includeInIndex = 0; path = Pods_Netflix.framework; sourceTree = BUILT_PRODUCTS_DIR; };
		3E3530BF3A27EABD84051C68 /* Pods-NetflixTests.debug.xcconfig */ = {isa = PBXFileReference; includeInIndex = 1; lastKnownFileType = text.xcconfig; name = "Pods-NetflixTests.debug.xcconfig"; path = "Target Support Files/Pods-NetflixTests/Pods-NetflixTests.debug.xcconfig"; sourceTree = "<group>"; };
		496329F2FF4FE7BC7C320B6D /* Pods-NetflixTests.release.xcconfig */ = {isa = PBXFileReference; includeInIndex = 1; lastKnownFileType = text.xcconfig; name = "Pods-NetflixTests.release.xcconfig"; path = "Target Support Files/Pods-NetflixTests/Pods-NetflixTests.release.xcconfig"; sourceTree = "<group>"; };
		56F7DD78A312E024E8ADA988 /* Pods_NetflixTests.framework */ = {isa = PBXFileReference; explicitFileType = wrapper.framework; includeInIndex = 0; path = Pods_NetflixTests.framework; sourceTree = BUILT_PRODUCTS_DIR; };
		5A0E9861283FAFB700BACC1F /* Colors.xcassets */ = {isa = PBXFileReference; lastKnownFileType = folder.assetcatalog; path = Colors.xcassets; sourceTree = "<group>"; };
		5A31D908283E138D006AEEAA /* swiftgen.yml */ = {isa = PBXFileReference; fileEncoding = 4; lastKnownFileType = text.yaml; path = swiftgen.yml; sourceTree = "<group>"; };
		5A51276B2840D01C00694205 /* FirstPageViewController.swift */ = {isa = PBXFileReference; lastKnownFileType = sourcecode.swift; path = FirstPageViewController.swift; sourceTree = "<group>"; };
		5A51276D2840D05500694205 /* SecondPageViewController.swift */ = {isa = PBXFileReference; lastKnownFileType = sourcecode.swift; path = SecondPageViewController.swift; sourceTree = "<group>"; };
		5A61192E283FA6EA00F4A86F /* LaunchScreen.storyboard */ = {isa = PBXFileReference; lastKnownFileType = file.storyboard; path = LaunchScreen.storyboard; sourceTree = "<group>"; };
		5A71C779283E35EB00DA7B7C /* XCAssets+Generated.swift */ = {isa = PBXFileReference; lastKnownFileType = sourcecode.swift; path = "XCAssets+Generated.swift"; sourceTree = "<group>"; };
		5A71C780283E462D00DA7B7C /* OnboardingViewController.swift */ = {isa = PBXFileReference; lastKnownFileType = sourcecode.swift; path = OnboardingViewController.swift; sourceTree = "<group>"; };
		5AB8CEB7283D46EB0040C56A /* SplashViewController.swift */ = {isa = PBXFileReference; lastKnownFileType = sourcecode.swift; path = SplashViewController.swift; sourceTree = "<group>"; };
		5AB8CEB9283D46F50040C56A /* SplashViewModel.swift */ = {isa = PBXFileReference; lastKnownFileType = sourcecode.swift; path = SplashViewModel.swift; sourceTree = "<group>"; };
		5AB8CEBB283D470A0040C56A /* SplashCoordinator.swift */ = {isa = PBXFileReference; lastKnownFileType = sourcecode.swift; path = SplashCoordinator.swift; sourceTree = "<group>"; };
		5AFAAFC32840DD3200F11183 /* DashboardViewController.swift */ = {isa = PBXFileReference; lastKnownFileType = sourcecode.swift; path = DashboardViewController.swift; sourceTree = "<group>"; };
		5AFAAFC52840DD5A00F11183 /* HomeViewController.swift */ = {isa = PBXFileReference; lastKnownFileType = sourcecode.swift; path = HomeViewController.swift; sourceTree = "<group>"; };
		5AFAAFC72840DD8600F11183 /* ComingSoonViewController.swift */ = {isa = PBXFileReference; lastKnownFileType = sourcecode.swift; path = ComingSoonViewController.swift; sourceTree = "<group>"; };
		5AFAAFC92840DDA300F11183 /* FavoritesViewController.swift */ = {isa = PBXFileReference; lastKnownFileType = sourcecode.swift; path = FavoritesViewController.swift; sourceTree = "<group>"; };
		5AFAAFCB2840E29E00F11183 /* OnboardingCoordinator.swift */ = {isa = PBXFileReference; lastKnownFileType = sourcecode.swift; path = OnboardingCoordinator.swift; sourceTree = "<group>"; };
		5AFEDBC5283D1CC0005DDDE0 /* .swiftlint.yml */ = {isa = PBXFileReference; lastKnownFileType = text.yaml; path = .swiftlint.yml; sourceTree = "<group>"; };
		95210FD2283BA0F4003D059D /* Netflix.app */ = {isa = PBXFileReference; explicitFileType = wrapper.application; includeInIndex = 0; path = Netflix.app; sourceTree = BUILT_PRODUCTS_DIR; };
		95210FD5283BA0F4003D059D /* AppDelegate.swift */ = {isa = PBXFileReference; lastKnownFileType = sourcecode.swift; path = AppDelegate.swift; sourceTree = "<group>"; };
		95210FD7283BA0F4003D059D /* SceneDelegate.swift */ = {isa = PBXFileReference; lastKnownFileType = sourcecode.swift; path = SceneDelegate.swift; sourceTree = "<group>"; };
		95210FD9283BA0F4003D059D /* ViewController.swift */ = {isa = PBXFileReference; lastKnownFileType = sourcecode.swift; path = ViewController.swift; sourceTree = "<group>"; };
		95210FDE283BA0F6003D059D /* Assets.xcassets */ = {isa = PBXFileReference; lastKnownFileType = folder.assetcatalog; path = Assets.xcassets; sourceTree = "<group>"; };
		95210FE3283BA0F6003D059D /* Info.plist */ = {isa = PBXFileReference; lastKnownFileType = text.plist.xml; path = Info.plist; sourceTree = "<group>"; };
		95210FE8283BA0F7003D059D /* NetflixTests.xctest */ = {isa = PBXFileReference; explicitFileType = wrapper.cfbundle; includeInIndex = 0; path = NetflixTests.xctest; sourceTree = BUILT_PRODUCTS_DIR; };
		95210FEC283BA0F7003D059D /* NetflixTests.swift */ = {isa = PBXFileReference; lastKnownFileType = sourcecode.swift; path = NetflixTests.swift; sourceTree = "<group>"; };
		95210FF2283BA0F7003D059D /* NetflixUITests.xctest */ = {isa = PBXFileReference; explicitFileType = wrapper.cfbundle; includeInIndex = 0; path = NetflixUITests.xctest; sourceTree = BUILT_PRODUCTS_DIR; };
		95210FF6283BA0F7003D059D /* NetflixUITests.swift */ = {isa = PBXFileReference; lastKnownFileType = sourcecode.swift; path = NetflixUITests.swift; sourceTree = "<group>"; };
		95210FF8283BA0F7003D059D /* NetflixUITestsLaunchTests.swift */ = {isa = PBXFileReference; lastKnownFileType = sourcecode.swift; path = NetflixUITestsLaunchTests.swift; sourceTree = "<group>"; };
		996D1E6F8A6A195E67A9C550 /* Pods-Netflix.debug.xcconfig */ = {isa = PBXFileReference; includeInIndex = 1; lastKnownFileType = text.xcconfig; name = "Pods-Netflix.debug.xcconfig"; path = "Target Support Files/Pods-Netflix/Pods-Netflix.debug.xcconfig"; sourceTree = "<group>"; };
		A434C425F67535628AF133E3 /* Pods-Netflix-NetflixUITests.release.xcconfig */ = {isa = PBXFileReference; includeInIndex = 1; lastKnownFileType = text.xcconfig; name = "Pods-Netflix-NetflixUITests.release.xcconfig"; path = "Target Support Files/Pods-Netflix-NetflixUITests/Pods-Netflix-NetflixUITests.release.xcconfig"; sourceTree = "<group>"; };
		A70351BE97642B4564DA5DB6 /* Pods_Netflix_NetflixUITests.framework */ = {isa = PBXFileReference; explicitFileType = wrapper.framework; includeInIndex = 0; path = Pods_Netflix_NetflixUITests.framework; sourceTree = BUILT_PRODUCTS_DIR; };
		AE0503B5284601000031D490 /* LoginViewModel.swift */ = {isa = PBXFileReference; fileEncoding = 4; lastKnownFileType = sourcecode.swift; path = LoginViewModel.swift; sourceTree = "<group>"; };
		AE0503B6284601000031D490 /* LoginCoordinator.swift */ = {isa = PBXFileReference; fileEncoding = 4; lastKnownFileType = sourcecode.swift; path = LoginCoordinator.swift; sourceTree = "<group>"; };
		AE0503B7284601000031D490 /* LoginViewController.swift */ = {isa = PBXFileReference; fileEncoding = 4; lastKnownFileType = sourcecode.swift; path = LoginViewController.swift; sourceTree = "<group>"; };
		C2782AB747E7AEE17E60B3CA /* Pods-Netflix-NetflixUITests.debug.xcconfig */ = {isa = PBXFileReference; includeInIndex = 1; lastKnownFileType = text.xcconfig; name = "Pods-Netflix-NetflixUITests.debug.xcconfig"; path = "Target Support Files/Pods-Netflix-NetflixUITests/Pods-Netflix-NetflixUITests.debug.xcconfig"; sourceTree = "<group>"; };
/* End PBXFileReference section */

/* Begin PBXFrameworksBuildPhase section */
		95210FCF283BA0F4003D059D /* Frameworks */ = {
			isa = PBXFrameworksBuildPhase;
			buildActionMask = 2147483647;
			files = (
				38A5C7B83F0B3502CFB3B9D2 /* Pods_Netflix.framework in Frameworks */,
			);
			runOnlyForDeploymentPostprocessing = 0;
		};
		95210FE5283BA0F7003D059D /* Frameworks */ = {
			isa = PBXFrameworksBuildPhase;
			buildActionMask = 2147483647;
			files = (
				165357344AC9CC8C97EFDC40 /* Pods_NetflixTests.framework in Frameworks */,
			);
			runOnlyForDeploymentPostprocessing = 0;
		};
		95210FEF283BA0F7003D059D /* Frameworks */ = {
			isa = PBXFrameworksBuildPhase;
			buildActionMask = 2147483647;
			files = (
				053D936389B5299965350BE6 /* Pods_Netflix_NetflixUITests.framework in Frameworks */,
			);
			runOnlyForDeploymentPostprocessing = 0;
		};
/* End PBXFrameworksBuildPhase section */

/* Begin PBXGroup section */
		5A71C778283E34FB00DA7B7C /* Generated */ = {
			isa = PBXGroup;
			children = (
				5A71C779283E35EB00DA7B7C /* XCAssets+Generated.swift */,
			);
			path = Generated;
			sourceTree = "<group>";
		};
		5A71C77F283E45DF00DA7B7C /* Onboarding */ = {
			isa = PBXGroup;
			children = (
				5A71C780283E462D00DA7B7C /* OnboardingViewController.swift */,
				5A51276B2840D01C00694205 /* FirstPageViewController.swift */,
				5A51276D2840D05500694205 /* SecondPageViewController.swift */,
				5AFAAFCB2840E29E00F11183 /* OnboardingCoordinator.swift */,
			);
			path = Onboarding;
			sourceTree = "<group>";
		};
		5AFAAFC22840DB5400F11183 /* Dashboard */ = {
			isa = PBXGroup;
			children = (
				5AFAAFCF2840E45E00F11183 /* Favorites */,
				5AFAAFCE2840E45300F11183 /* ComingSoon */,
				5AFAAFCD2840E44B00F11183 /* Home */,
				5AFAAFC32840DD3200F11183 /* DashboardViewController.swift */,
			);
			path = Dashboard;
			sourceTree = "<group>";
		};
		5AFAAFCD2840E44B00F11183 /* Home */ = {
			isa = PBXGroup;
			children = (
				5AFAAFC52840DD5A00F11183 /* HomeViewController.swift */,
			);
			path = Home;
			sourceTree = "<group>";
		};
		5AFAAFCE2840E45300F11183 /* ComingSoon */ = {
			isa = PBXGroup;
			children = (
				5AFAAFC72840DD8600F11183 /* ComingSoonViewController.swift */,
			);
			path = ComingSoon;
			sourceTree = "<group>";
		};
		5AFAAFCF2840E45E00F11183 /* Favorites */ = {
			isa = PBXGroup;
			children = (
				5AFAAFC92840DDA300F11183 /* FavoritesViewController.swift */,
			);
			path = Favorites;
			sourceTree = "<group>";
		};
		5AFEDBD3283D4688005DDDE0 /* Screens */ = {
			isa = PBXGroup;
			children = (
				AE0503B4284601000031D490 /* Login */,
				5AFAAFC22840DB5400F11183 /* Dashboard */,
				5A71C77F283E45DF00DA7B7C /* Onboarding */,
				5AFEDBD4283D469E005DDDE0 /* Splash */,
			);
			path = Screens;
			sourceTree = "<group>";
		};
		5AFEDBD4283D469E005DDDE0 /* Splash */ = {
			isa = PBXGroup;
			children = (
				5AB8CEB7283D46EB0040C56A /* SplashViewController.swift */,
				5AB8CEB9283D46F50040C56A /* SplashViewModel.swift */,
				5AB8CEBB283D470A0040C56A /* SplashCoordinator.swift */,
			);
			path = Splash;
			sourceTree = "<group>";
		};
		95210FC9283BA0F4003D059D = {
			isa = PBXGroup;
			children = (
				5A31D908283E138D006AEEAA /* swiftgen.yml */,
				5AFEDBC5283D1CC0005DDDE0 /* .swiftlint.yml */,
				95210FD4283BA0F4003D059D /* Netflix */,
				95210FEB283BA0F7003D059D /* NetflixTests */,
				95210FF5283BA0F7003D059D /* NetflixUITests */,
				95210FD3283BA0F4003D059D /* Products */,
				EBF1AAAE5FEC4CEF2578E0BC /* Pods */,
				9C93AABF25AC82944C556E50 /* Frameworks */,
			);
			sourceTree = "<group>";
		};
		95210FD3283BA0F4003D059D /* Products */ = {
			isa = PBXGroup;
			children = (
				95210FD2283BA0F4003D059D /* Netflix.app */,
				95210FE8283BA0F7003D059D /* NetflixTests.xctest */,
				95210FF2283BA0F7003D059D /* NetflixUITests.xctest */,
			);
			name = Products;
			sourceTree = "<group>";
		};
		95210FD4283BA0F4003D059D /* Netflix */ = {
			isa = PBXGroup;
			children = (
				5A71C778283E34FB00DA7B7C /* Generated */,
				5AFEDBD3283D4688005DDDE0 /* Screens */,
				95210FD5283BA0F4003D059D /* AppDelegate.swift */,
				95210FD7283BA0F4003D059D /* SceneDelegate.swift */,
				95210FD9283BA0F4003D059D /* ViewController.swift */,
				95210FDE283BA0F6003D059D /* Assets.xcassets */,
				95210FE3283BA0F6003D059D /* Info.plist */,
				5A61192E283FA6EA00F4A86F /* LaunchScreen.storyboard */,
				5A0E9861283FAFB700BACC1F /* Colors.xcassets */,
			);
			path = Netflix;
			sourceTree = "<group>";
		};
		95210FEB283BA0F7003D059D /* NetflixTests */ = {
			isa = PBXGroup;
			children = (
				95210FEC283BA0F7003D059D /* NetflixTests.swift */,
			);
			path = NetflixTests;
			sourceTree = "<group>";
		};
		95210FF5283BA0F7003D059D /* NetflixUITests */ = {
			isa = PBXGroup;
			children = (
				95210FF6283BA0F7003D059D /* NetflixUITests.swift */,
				95210FF8283BA0F7003D059D /* NetflixUITestsLaunchTests.swift */,
			);
			path = NetflixUITests;
			sourceTree = "<group>";
		};
		9C93AABF25AC82944C556E50 /* Frameworks */ = {
			isa = PBXGroup;
			children = (
				1CA855D95B16084E7B9DA125 /* Pods_Netflix.framework */,
				A70351BE97642B4564DA5DB6 /* Pods_Netflix_NetflixUITests.framework */,
				56F7DD78A312E024E8ADA988 /* Pods_NetflixTests.framework */,
			);
			name = Frameworks;
			sourceTree = "<group>";
		};
		AE0503B4284601000031D490 /* Login */ = {
			isa = PBXGroup;
			children = (
				AE0503B5284601000031D490 /* LoginViewModel.swift */,
				AE0503B6284601000031D490 /* LoginCoordinator.swift */,
				AE0503B7284601000031D490 /* LoginViewController.swift */,
			);
			path = Login;
			sourceTree = "<group>";
		};
		EBF1AAAE5FEC4CEF2578E0BC /* Pods */ = {
			isa = PBXGroup;
			children = (
				996D1E6F8A6A195E67A9C550 /* Pods-Netflix.debug.xcconfig */,
				025C01A87C0EA36564C8B324 /* Pods-Netflix.release.xcconfig */,
				C2782AB747E7AEE17E60B3CA /* Pods-Netflix-NetflixUITests.debug.xcconfig */,
				A434C425F67535628AF133E3 /* Pods-Netflix-NetflixUITests.release.xcconfig */,
				3E3530BF3A27EABD84051C68 /* Pods-NetflixTests.debug.xcconfig */,
				496329F2FF4FE7BC7C320B6D /* Pods-NetflixTests.release.xcconfig */,
			);
			path = Pods;
			sourceTree = "<group>";
		};
/* End PBXGroup section */

/* Begin PBXNativeTarget section */
		95210FD1283BA0F4003D059D /* Netflix */ = {
			isa = PBXNativeTarget;
			buildConfigurationList = 95210FFC283BA0F7003D059D /* Build configuration list for PBXNativeTarget "Netflix" */;
			buildPhases = (
				24F580CE0DBC2487D58B284C /* [CP] Check Pods Manifest.lock */,
				5AFEDBC2283D18BC005DDDE0 /* SwiftGen */,
				5AFEDBBF283CDA1F005DDDE0 /* SwiftLint */,
				95210FCE283BA0F4003D059D /* Sources */,
				95210FCF283BA0F4003D059D /* Frameworks */,
				95210FD0283BA0F4003D059D /* Resources */,
				29C20B7BF931F4BEFC4E0905 /* [CP] Embed Pods Frameworks */,
			);
			buildRules = (
			);
			dependencies = (
			);
			name = Netflix;
			productName = Netflix;
			productReference = 95210FD2283BA0F4003D059D /* Netflix.app */;
			productType = "com.apple.product-type.application";
		};
		95210FE7283BA0F7003D059D /* NetflixTests */ = {
			isa = PBXNativeTarget;
			buildConfigurationList = 95210FFF283BA0F7003D059D /* Build configuration list for PBXNativeTarget "NetflixTests" */;
			buildPhases = (
				EBAE36C3A121E28B43F11E57 /* [CP] Check Pods Manifest.lock */,
				95210FE4283BA0F7003D059D /* Sources */,
				95210FE5283BA0F7003D059D /* Frameworks */,
				95210FE6283BA0F7003D059D /* Resources */,
			);
			buildRules = (
			);
			dependencies = (
				95210FEA283BA0F7003D059D /* PBXTargetDependency */,
			);
			name = NetflixTests;
			productName = NetflixTests;
			productReference = 95210FE8283BA0F7003D059D /* NetflixTests.xctest */;
			productType = "com.apple.product-type.bundle.unit-test";
		};
		95210FF1283BA0F7003D059D /* NetflixUITests */ = {
			isa = PBXNativeTarget;
			buildConfigurationList = 95211002283BA0F7003D059D /* Build configuration list for PBXNativeTarget "NetflixUITests" */;
			buildPhases = (
				A6A7091BD8B6AA4C37CD88BF /* [CP] Check Pods Manifest.lock */,
				95210FEE283BA0F7003D059D /* Sources */,
				95210FEF283BA0F7003D059D /* Frameworks */,
				95210FF0283BA0F7003D059D /* Resources */,
				221EEEBEEE845C1A2D2E6D03 /* [CP] Embed Pods Frameworks */,
			);
			buildRules = (
			);
			dependencies = (
				95210FF4283BA0F7003D059D /* PBXTargetDependency */,
			);
			name = NetflixUITests;
			productName = NetflixUITests;
			productReference = 95210FF2283BA0F7003D059D /* NetflixUITests.xctest */;
			productType = "com.apple.product-type.bundle.ui-testing";
		};
/* End PBXNativeTarget section */

/* Begin PBXProject section */
		95210FCA283BA0F4003D059D /* Project object */ = {
			isa = PBXProject;
			attributes = {
				BuildIndependentTargetsInParallel = 1;
				LastSwiftUpdateCheck = 1340;
				LastUpgradeCheck = 1340;
				TargetAttributes = {
					95210FD1283BA0F4003D059D = {
						CreatedOnToolsVersion = 13.4;
					};
					95210FE7283BA0F7003D059D = {
						CreatedOnToolsVersion = 13.4;
						TestTargetID = 95210FD1283BA0F4003D059D;
					};
					95210FF1283BA0F7003D059D = {
						CreatedOnToolsVersion = 13.4;
						TestTargetID = 95210FD1283BA0F4003D059D;
					};
				};
			};
			buildConfigurationList = 95210FCD283BA0F4003D059D /* Build configuration list for PBXProject "Netflix" */;
			compatibilityVersion = "Xcode 13.0";
			developmentRegion = en;
			hasScannedForEncodings = 0;
			knownRegions = (
				en,
				Base,
			);
			mainGroup = 95210FC9283BA0F4003D059D;
			productRefGroup = 95210FD3283BA0F4003D059D /* Products */;
			projectDirPath = "";
			projectRoot = "";
			targets = (
				95210FD1283BA0F4003D059D /* Netflix */,
				95210FE7283BA0F7003D059D /* NetflixTests */,
				95210FF1283BA0F7003D059D /* NetflixUITests */,
			);
		};
/* End PBXProject section */

/* Begin PBXResourcesBuildPhase section */
		95210FD0283BA0F4003D059D /* Resources */ = {
			isa = PBXResourcesBuildPhase;
			buildActionMask = 2147483647;
			files = (
				5A0E9862283FAFB700BACC1F /* Colors.xcassets in Resources */,
				5AFEDBC6283D1CC0005DDDE0 /* .swiftlint.yml in Resources */,
				5A61192F283FA6EA00F4A86F /* LaunchScreen.storyboard in Resources */,
				5A31D909283E138D006AEEAA /* swiftgen.yml in Resources */,
				95210FDF283BA0F6003D059D /* Assets.xcassets in Resources */,
			);
			runOnlyForDeploymentPostprocessing = 0;
		};
		95210FE6283BA0F7003D059D /* Resources */ = {
			isa = PBXResourcesBuildPhase;
			buildActionMask = 2147483647;
			files = (
			);
			runOnlyForDeploymentPostprocessing = 0;
		};
		95210FF0283BA0F7003D059D /* Resources */ = {
			isa = PBXResourcesBuildPhase;
			buildActionMask = 2147483647;
			files = (
			);
			runOnlyForDeploymentPostprocessing = 0;
		};
/* End PBXResourcesBuildPhase section */

/* Begin PBXShellScriptBuildPhase section */
		221EEEBEEE845C1A2D2E6D03 /* [CP] Embed Pods Frameworks */ = {
			isa = PBXShellScriptBuildPhase;
			buildActionMask = 2147483647;
			files = (
			);
			inputFileListPaths = (
				"${PODS_ROOT}/Target Support Files/Pods-Netflix-NetflixUITests/Pods-Netflix-NetflixUITests-frameworks-${CONFIGURATION}-input-files.xcfilelist",
			);
			name = "[CP] Embed Pods Frameworks";
			outputFileListPaths = (
				"${PODS_ROOT}/Target Support Files/Pods-Netflix-NetflixUITests/Pods-Netflix-NetflixUITests-frameworks-${CONFIGURATION}-output-files.xcfilelist",
			);
			runOnlyForDeploymentPostprocessing = 0;
			shellPath = /bin/sh;
			shellScript = "\"${PODS_ROOT}/Target Support Files/Pods-Netflix-NetflixUITests/Pods-Netflix-NetflixUITests-frameworks.sh\"\n";
			showEnvVarsInLog = 0;
		};
		24F580CE0DBC2487D58B284C /* [CP] Check Pods Manifest.lock */ = {
			isa = PBXShellScriptBuildPhase;
			buildActionMask = 2147483647;
			files = (
			);
			inputFileListPaths = (
			);
			inputPaths = (
				"${PODS_PODFILE_DIR_PATH}/Podfile.lock",
				"${PODS_ROOT}/Manifest.lock",
			);
			name = "[CP] Check Pods Manifest.lock";
			outputFileListPaths = (
			);
			outputPaths = (
				"$(DERIVED_FILE_DIR)/Pods-Netflix-checkManifestLockResult.txt",
			);
			runOnlyForDeploymentPostprocessing = 0;
			shellPath = /bin/sh;
			shellScript = "diff \"${PODS_PODFILE_DIR_PATH}/Podfile.lock\" \"${PODS_ROOT}/Manifest.lock\" > /dev/null\nif [ $? != 0 ] ; then\n    # print error to STDERR\n    echo \"error: The sandbox is not in sync with the Podfile.lock. Run 'pod install' or update your CocoaPods installation.\" >&2\n    exit 1\nfi\n# This output is used by Xcode 'outputs' to avoid re-running this script phase.\necho \"SUCCESS\" > \"${SCRIPT_OUTPUT_FILE_0}\"\n";
			showEnvVarsInLog = 0;
		};
		29C20B7BF931F4BEFC4E0905 /* [CP] Embed Pods Frameworks */ = {
			isa = PBXShellScriptBuildPhase;
			buildActionMask = 2147483647;
			files = (
			);
			inputFileListPaths = (
				"${PODS_ROOT}/Target Support Files/Pods-Netflix/Pods-Netflix-frameworks-${CONFIGURATION}-input-files.xcfilelist",
			);
			name = "[CP] Embed Pods Frameworks";
			outputFileListPaths = (
				"${PODS_ROOT}/Target Support Files/Pods-Netflix/Pods-Netflix-frameworks-${CONFIGURATION}-output-files.xcfilelist",
			);
			runOnlyForDeploymentPostprocessing = 0;
			shellPath = /bin/sh;
			shellScript = "\"${PODS_ROOT}/Target Support Files/Pods-Netflix/Pods-Netflix-frameworks.sh\"\n";
			showEnvVarsInLog = 0;
		};
		5AFEDBBF283CDA1F005DDDE0 /* SwiftLint */ = {
			isa = PBXShellScriptBuildPhase;
			buildActionMask = 2147483647;
			files = (
			);
			inputFileListPaths = (
			);
			inputPaths = (
			);
			name = SwiftLint;
			outputFileListPaths = (
			);
			outputPaths = (
			);
			runOnlyForDeploymentPostprocessing = 0;
			shellPath = /bin/sh;
			shellScript = "if which swiftlint >/dev/null; then\n  swiftlint\nelse\n  echo \"warning: SwiftLint not installed, download from https://github.com/realm/SwiftLint\"\nfi\n";
		};
		5AFEDBC2283D18BC005DDDE0 /* SwiftGen */ = {
			isa = PBXShellScriptBuildPhase;
			buildActionMask = 2147483647;
			files = (
			);
			inputFileListPaths = (
			);
			inputPaths = (
			);
			name = SwiftGen;
			outputFileListPaths = (
			);
			outputPaths = (
			);
			runOnlyForDeploymentPostprocessing = 0;
			shellPath = /bin/sh;
			shellScript = "if [[ -f \"${PODS_ROOT}/SwiftGen/bin/swiftgen\" ]]; then\n  \"${PODS_ROOT}/SwiftGen/bin/swiftgen\"\nelse\n  echo \"warning: SwiftGen is not installed. Run 'pod install --repo-update' to install it.\"\nfi\n";
		};
		A6A7091BD8B6AA4C37CD88BF /* [CP] Check Pods Manifest.lock */ = {
			isa = PBXShellScriptBuildPhase;
			buildActionMask = 2147483647;
			files = (
			);
			inputFileListPaths = (
			);
			inputPaths = (
				"${PODS_PODFILE_DIR_PATH}/Podfile.lock",
				"${PODS_ROOT}/Manifest.lock",
			);
			name = "[CP] Check Pods Manifest.lock";
			outputFileListPaths = (
			);
			outputPaths = (
				"$(DERIVED_FILE_DIR)/Pods-Netflix-NetflixUITests-checkManifestLockResult.txt",
			);
			runOnlyForDeploymentPostprocessing = 0;
			shellPath = /bin/sh;
			shellScript = "diff \"${PODS_PODFILE_DIR_PATH}/Podfile.lock\" \"${PODS_ROOT}/Manifest.lock\" > /dev/null\nif [ $? != 0 ] ; then\n    # print error to STDERR\n    echo \"error: The sandbox is not in sync with the Podfile.lock. Run 'pod install' or update your CocoaPods installation.\" >&2\n    exit 1\nfi\n# This output is used by Xcode 'outputs' to avoid re-running this script phase.\necho \"SUCCESS\" > \"${SCRIPT_OUTPUT_FILE_0}\"\n";
			showEnvVarsInLog = 0;
		};
		EBAE36C3A121E28B43F11E57 /* [CP] Check Pods Manifest.lock */ = {
			isa = PBXShellScriptBuildPhase;
			buildActionMask = 2147483647;
			files = (
			);
			inputFileListPaths = (
			);
			inputPaths = (
				"${PODS_PODFILE_DIR_PATH}/Podfile.lock",
				"${PODS_ROOT}/Manifest.lock",
			);
			name = "[CP] Check Pods Manifest.lock";
			outputFileListPaths = (
			);
			outputPaths = (
				"$(DERIVED_FILE_DIR)/Pods-NetflixTests-checkManifestLockResult.txt",
			);
			runOnlyForDeploymentPostprocessing = 0;
			shellPath = /bin/sh;
			shellScript = "diff \"${PODS_PODFILE_DIR_PATH}/Podfile.lock\" \"${PODS_ROOT}/Manifest.lock\" > /dev/null\nif [ $? != 0 ] ; then\n    # print error to STDERR\n    echo \"error: The sandbox is not in sync with the Podfile.lock. Run 'pod install' or update your CocoaPods installation.\" >&2\n    exit 1\nfi\n# This output is used by Xcode 'outputs' to avoid re-running this script phase.\necho \"SUCCESS\" > \"${SCRIPT_OUTPUT_FILE_0}\"\n";
			showEnvVarsInLog = 0;
		};
/* End PBXShellScriptBuildPhase section */

/* Begin PBXSourcesBuildPhase section */
		95210FCE283BA0F4003D059D /* Sources */ = {
			isa = PBXSourcesBuildPhase;
			buildActionMask = 2147483647;
			files = (
				AE0503BA284601000031D490 /* LoginViewController.swift in Sources */,
				AE0503B9284601000031D490 /* LoginCoordinator.swift in Sources */,
				5AB8CEBA283D46F50040C56A /* SplashViewModel.swift in Sources */,
				5AFAAFC82840DD8600F11183 /* ComingSoonViewController.swift in Sources */,
				5AFAAFCA2840DDA300F11183 /* FavoritesViewController.swift in Sources */,
				95210FDA283BA0F4003D059D /* ViewController.swift in Sources */,
				AE0503B8284601000031D490 /* LoginViewModel.swift in Sources */,
				5AFAAFCC2840E29E00F11183 /* OnboardingCoordinator.swift in Sources */,
				95210FD6283BA0F4003D059D /* AppDelegate.swift in Sources */,
				5A71C781283E462D00DA7B7C /* OnboardingViewController.swift in Sources */,
				5AB8CEBC283D470A0040C56A /* SplashCoordinator.swift in Sources */,
				95210FD8283BA0F4003D059D /* SceneDelegate.swift in Sources */,
				5A51276C2840D01C00694205 /* FirstPageViewController.swift in Sources */,
				5A71C77A283E35EB00DA7B7C /* XCAssets+Generated.swift in Sources */,
				5AFAAFC42840DD3200F11183 /* DashboardViewController.swift in Sources */,
				5AB8CEB8283D46EB0040C56A /* SplashViewController.swift in Sources */,
				5A51276E2840D05500694205 /* SecondPageViewController.swift in Sources */,
				5AFAAFC62840DD5A00F11183 /* HomeViewController.swift in Sources */,
			);
			runOnlyForDeploymentPostprocessing = 0;
		};
		95210FE4283BA0F7003D059D /* Sources */ = {
			isa = PBXSourcesBuildPhase;
			buildActionMask = 2147483647;
			files = (
				95210FED283BA0F7003D059D /* NetflixTests.swift in Sources */,
			);
			runOnlyForDeploymentPostprocessing = 0;
		};
		95210FEE283BA0F7003D059D /* Sources */ = {
			isa = PBXSourcesBuildPhase;
			buildActionMask = 2147483647;
			files = (
				95210FF7283BA0F7003D059D /* NetflixUITests.swift in Sources */,
				95210FF9283BA0F7003D059D /* NetflixUITestsLaunchTests.swift in Sources */,
			);
			runOnlyForDeploymentPostprocessing = 0;
		};
/* End PBXSourcesBuildPhase section */

/* Begin PBXTargetDependency section */
		95210FEA283BA0F7003D059D /* PBXTargetDependency */ = {
			isa = PBXTargetDependency;
			target = 95210FD1283BA0F4003D059D /* Netflix */;
			targetProxy = 95210FE9283BA0F7003D059D /* PBXContainerItemProxy */;
		};
		95210FF4283BA0F7003D059D /* PBXTargetDependency */ = {
			isa = PBXTargetDependency;
			target = 95210FD1283BA0F4003D059D /* Netflix */;
			targetProxy = 95210FF3283BA0F7003D059D /* PBXContainerItemProxy */;
		};
/* End PBXTargetDependency section */

/* Begin XCBuildConfiguration section */
		95210FFA283BA0F7003D059D /* Debug */ = {
			isa = XCBuildConfiguration;
			buildSettings = {
				ALWAYS_SEARCH_USER_PATHS = NO;
				CLANG_ANALYZER_NONNULL = YES;
				CLANG_ANALYZER_NUMBER_OBJECT_CONVERSION = YES_AGGRESSIVE;
				CLANG_CXX_LANGUAGE_STANDARD = "gnu++17";
				CLANG_ENABLE_MODULES = YES;
				CLANG_ENABLE_OBJC_ARC = YES;
				CLANG_ENABLE_OBJC_WEAK = YES;
				CLANG_WARN_BLOCK_CAPTURE_AUTORELEASING = YES;
				CLANG_WARN_BOOL_CONVERSION = YES;
				CLANG_WARN_COMMA = YES;
				CLANG_WARN_CONSTANT_CONVERSION = YES;
				CLANG_WARN_DEPRECATED_OBJC_IMPLEMENTATIONS = YES;
				CLANG_WARN_DIRECT_OBJC_ISA_USAGE = YES_ERROR;
				CLANG_WARN_DOCUMENTATION_COMMENTS = YES;
				CLANG_WARN_EMPTY_BODY = YES;
				CLANG_WARN_ENUM_CONVERSION = YES;
				CLANG_WARN_INFINITE_RECURSION = YES;
				CLANG_WARN_INT_CONVERSION = YES;
				CLANG_WARN_NON_LITERAL_NULL_CONVERSION = YES;
				CLANG_WARN_OBJC_IMPLICIT_RETAIN_SELF = YES;
				CLANG_WARN_OBJC_LITERAL_CONVERSION = YES;
				CLANG_WARN_OBJC_ROOT_CLASS = YES_ERROR;
				CLANG_WARN_QUOTED_INCLUDE_IN_FRAMEWORK_HEADER = YES;
				CLANG_WARN_RANGE_LOOP_ANALYSIS = YES;
				CLANG_WARN_STRICT_PROTOTYPES = YES;
				CLANG_WARN_SUSPICIOUS_MOVE = YES;
				CLANG_WARN_UNGUARDED_AVAILABILITY = YES_AGGRESSIVE;
				CLANG_WARN_UNREACHABLE_CODE = YES;
				CLANG_WARN__DUPLICATE_METHOD_MATCH = YES;
				COPY_PHASE_STRIP = NO;
				DEBUG_INFORMATION_FORMAT = dwarf;
				ENABLE_STRICT_OBJC_MSGSEND = YES;
				ENABLE_TESTABILITY = YES;
				GCC_C_LANGUAGE_STANDARD = gnu11;
				GCC_DYNAMIC_NO_PIC = NO;
				GCC_NO_COMMON_BLOCKS = YES;
				GCC_OPTIMIZATION_LEVEL = 0;
				GCC_PREPROCESSOR_DEFINITIONS = (
					"DEBUG=1",
					"$(inherited)",
				);
				GCC_WARN_64_TO_32_BIT_CONVERSION = YES;
				GCC_WARN_ABOUT_RETURN_TYPE = YES_ERROR;
				GCC_WARN_UNDECLARED_SELECTOR = YES;
				GCC_WARN_UNINITIALIZED_AUTOS = YES_AGGRESSIVE;
				GCC_WARN_UNUSED_FUNCTION = YES;
				GCC_WARN_UNUSED_VARIABLE = YES;
				IPHONEOS_DEPLOYMENT_TARGET = 15.5;
				MTL_ENABLE_DEBUG_INFO = INCLUDE_SOURCE;
				MTL_FAST_MATH = YES;
				ONLY_ACTIVE_ARCH = YES;
				SDKROOT = iphoneos;
				SWIFT_ACTIVE_COMPILATION_CONDITIONS = DEBUG;
				SWIFT_OPTIMIZATION_LEVEL = "-Onone";
			};
			name = Debug;
		};
		95210FFB283BA0F7003D059D /* Release */ = {
			isa = XCBuildConfiguration;
			buildSettings = {
				ALWAYS_SEARCH_USER_PATHS = NO;
				CLANG_ANALYZER_NONNULL = YES;
				CLANG_ANALYZER_NUMBER_OBJECT_CONVERSION = YES_AGGRESSIVE;
				CLANG_CXX_LANGUAGE_STANDARD = "gnu++17";
				CLANG_ENABLE_MODULES = YES;
				CLANG_ENABLE_OBJC_ARC = YES;
				CLANG_ENABLE_OBJC_WEAK = YES;
				CLANG_WARN_BLOCK_CAPTURE_AUTORELEASING = YES;
				CLANG_WARN_BOOL_CONVERSION = YES;
				CLANG_WARN_COMMA = YES;
				CLANG_WARN_CONSTANT_CONVERSION = YES;
				CLANG_WARN_DEPRECATED_OBJC_IMPLEMENTATIONS = YES;
				CLANG_WARN_DIRECT_OBJC_ISA_USAGE = YES_ERROR;
				CLANG_WARN_DOCUMENTATION_COMMENTS = YES;
				CLANG_WARN_EMPTY_BODY = YES;
				CLANG_WARN_ENUM_CONVERSION = YES;
				CLANG_WARN_INFINITE_RECURSION = YES;
				CLANG_WARN_INT_CONVERSION = YES;
				CLANG_WARN_NON_LITERAL_NULL_CONVERSION = YES;
				CLANG_WARN_OBJC_IMPLICIT_RETAIN_SELF = YES;
				CLANG_WARN_OBJC_LITERAL_CONVERSION = YES;
				CLANG_WARN_OBJC_ROOT_CLASS = YES_ERROR;
				CLANG_WARN_QUOTED_INCLUDE_IN_FRAMEWORK_HEADER = YES;
				CLANG_WARN_RANGE_LOOP_ANALYSIS = YES;
				CLANG_WARN_STRICT_PROTOTYPES = YES;
				CLANG_WARN_SUSPICIOUS_MOVE = YES;
				CLANG_WARN_UNGUARDED_AVAILABILITY = YES_AGGRESSIVE;
				CLANG_WARN_UNREACHABLE_CODE = YES;
				CLANG_WARN__DUPLICATE_METHOD_MATCH = YES;
				COPY_PHASE_STRIP = NO;
				DEBUG_INFORMATION_FORMAT = "dwarf-with-dsym";
				ENABLE_NS_ASSERTIONS = NO;
				ENABLE_STRICT_OBJC_MSGSEND = YES;
				GCC_C_LANGUAGE_STANDARD = gnu11;
				GCC_NO_COMMON_BLOCKS = YES;
				GCC_WARN_64_TO_32_BIT_CONVERSION = YES;
				GCC_WARN_ABOUT_RETURN_TYPE = YES_ERROR;
				GCC_WARN_UNDECLARED_SELECTOR = YES;
				GCC_WARN_UNINITIALIZED_AUTOS = YES_AGGRESSIVE;
				GCC_WARN_UNUSED_FUNCTION = YES;
				GCC_WARN_UNUSED_VARIABLE = YES;
				IPHONEOS_DEPLOYMENT_TARGET = 15.5;
				MTL_ENABLE_DEBUG_INFO = NO;
				MTL_FAST_MATH = YES;
				SDKROOT = iphoneos;
				SWIFT_COMPILATION_MODE = wholemodule;
				SWIFT_OPTIMIZATION_LEVEL = "-O";
				VALIDATE_PRODUCT = YES;
			};
			name = Release;
		};
		95210FFD283BA0F7003D059D /* Debug */ = {
			isa = XCBuildConfiguration;
			baseConfigurationReference = 996D1E6F8A6A195E67A9C550 /* Pods-Netflix.debug.xcconfig */;
			buildSettings = {
				ASSETCATALOG_COMPILER_APPICON_NAME = AppIcon;
				ASSETCATALOG_COMPILER_GLOBAL_ACCENT_COLOR_NAME = AccentColor;
				CODE_SIGN_STYLE = Automatic;
				CURRENT_PROJECT_VERSION = 1;
				DEVELOPMENT_TEAM = RAR2BY5DT6;
				GENERATE_INFOPLIST_FILE = YES;
				INFOPLIST_FILE = Netflix/Info.plist;
				INFOPLIST_KEY_UIApplicationSupportsIndirectInputEvents = YES;
				INFOPLIST_KEY_UILaunchStoryboardName = LaunchScreen;
				INFOPLIST_KEY_UISupportedInterfaceOrientations_iPad = "UIInterfaceOrientationPortrait UIInterfaceOrientationPortraitUpsideDown UIInterfaceOrientationLandscapeLeft UIInterfaceOrientationLandscapeRight";
				INFOPLIST_KEY_UISupportedInterfaceOrientations_iPhone = "UIInterfaceOrientationPortrait UIInterfaceOrientationLandscapeLeft UIInterfaceOrientationLandscapeRight";
				IPHONEOS_DEPLOYMENT_TARGET = 13.0;
				LD_RUNPATH_SEARCH_PATHS = (
					"$(inherited)",
					"@executable_path/Frameworks",
				);
				MARKETING_VERSION = 1.0;
				PRODUCT_BUNDLE_IDENTIFIER = tanyasamastr.Netflix;
				PRODUCT_NAME = "$(TARGET_NAME)";
				SWIFT_EMIT_LOC_STRINGS = YES;
				SWIFT_VERSION = 5.0;
				TARGETED_DEVICE_FAMILY = "1,2";
				VALIDATE_WORKSPACE = YES;
			};
			name = Debug;
		};
		95210FFE283BA0F7003D059D /* Release */ = {
			isa = XCBuildConfiguration;
			baseConfigurationReference = 025C01A87C0EA36564C8B324 /* Pods-Netflix.release.xcconfig */;
			buildSettings = {
				ASSETCATALOG_COMPILER_APPICON_NAME = AppIcon;
				ASSETCATALOG_COMPILER_GLOBAL_ACCENT_COLOR_NAME = AccentColor;
				CODE_SIGN_STYLE = Automatic;
				CURRENT_PROJECT_VERSION = 1;
				DEVELOPMENT_TEAM = RAR2BY5DT6;
				GENERATE_INFOPLIST_FILE = YES;
				INFOPLIST_FILE = Netflix/Info.plist;
				INFOPLIST_KEY_UIApplicationSupportsIndirectInputEvents = YES;
				INFOPLIST_KEY_UILaunchStoryboardName = LaunchScreen;
				INFOPLIST_KEY_UISupportedInterfaceOrientations_iPad = "UIInterfaceOrientationPortrait UIInterfaceOrientationPortraitUpsideDown UIInterfaceOrientationLandscapeLeft UIInterfaceOrientationLandscapeRight";
				INFOPLIST_KEY_UISupportedInterfaceOrientations_iPhone = "UIInterfaceOrientationPortrait UIInterfaceOrientationLandscapeLeft UIInterfaceOrientationLandscapeRight";
				IPHONEOS_DEPLOYMENT_TARGET = 13.0;
				LD_RUNPATH_SEARCH_PATHS = (
					"$(inherited)",
					"@executable_path/Frameworks",
				);
				MARKETING_VERSION = 1.0;
				PRODUCT_BUNDLE_IDENTIFIER = tanyasamastr.Netflix;
				PRODUCT_NAME = "$(TARGET_NAME)";
				SWIFT_EMIT_LOC_STRINGS = YES;
				SWIFT_VERSION = 5.0;
				TARGETED_DEVICE_FAMILY = "1,2";
				VALIDATE_WORKSPACE = YES;
			};
			name = Release;
		};
		95211000283BA0F7003D059D /* Debug */ = {
			isa = XCBuildConfiguration;
			baseConfigurationReference = 3E3530BF3A27EABD84051C68 /* Pods-NetflixTests.debug.xcconfig */;
			buildSettings = {
				ALWAYS_EMBED_SWIFT_STANDARD_LIBRARIES = YES;
				BUNDLE_LOADER = "$(TEST_HOST)";
				CODE_SIGN_STYLE = Automatic;
				CURRENT_PROJECT_VERSION = 1;
				DEVELOPMENT_TEAM = RAR2BY5DT6;
				GENERATE_INFOPLIST_FILE = YES;
				IPHONEOS_DEPLOYMENT_TARGET = 15.5;
				MARKETING_VERSION = 1.0;
				PRODUCT_BUNDLE_IDENTIFIER = tanyasamastr.NetflixTests;
				PRODUCT_NAME = "$(TARGET_NAME)";
				SWIFT_EMIT_LOC_STRINGS = NO;
				SWIFT_VERSION = 5.0;
				TARGETED_DEVICE_FAMILY = "1,2";
				TEST_HOST = "$(BUILT_PRODUCTS_DIR)/Netflix.app/Netflix";
			};
			name = Debug;
		};
		95211001283BA0F7003D059D /* Release */ = {
			isa = XCBuildConfiguration;
			baseConfigurationReference = 496329F2FF4FE7BC7C320B6D /* Pods-NetflixTests.release.xcconfig */;
			buildSettings = {
				ALWAYS_EMBED_SWIFT_STANDARD_LIBRARIES = YES;
				BUNDLE_LOADER = "$(TEST_HOST)";
				CODE_SIGN_STYLE = Automatic;
				CURRENT_PROJECT_VERSION = 1;
				DEVELOPMENT_TEAM = RAR2BY5DT6;
				GENERATE_INFOPLIST_FILE = YES;
				IPHONEOS_DEPLOYMENT_TARGET = 15.5;
				MARKETING_VERSION = 1.0;
				PRODUCT_BUNDLE_IDENTIFIER = tanyasamastr.NetflixTests;
				PRODUCT_NAME = "$(TARGET_NAME)";
				SWIFT_EMIT_LOC_STRINGS = NO;
				SWIFT_VERSION = 5.0;
				TARGETED_DEVICE_FAMILY = "1,2";
				TEST_HOST = "$(BUILT_PRODUCTS_DIR)/Netflix.app/Netflix";
			};
			name = Release;
		};
		95211003283BA0F7003D059D /* Debug */ = {
			isa = XCBuildConfiguration;
			baseConfigurationReference = C2782AB747E7AEE17E60B3CA /* Pods-Netflix-NetflixUITests.debug.xcconfig */;
			buildSettings = {
				ALWAYS_EMBED_SWIFT_STANDARD_LIBRARIES = YES;
				CODE_SIGN_STYLE = Automatic;
				CURRENT_PROJECT_VERSION = 1;
				DEVELOPMENT_TEAM = RAR2BY5DT6;
				GENERATE_INFOPLIST_FILE = YES;
				MARKETING_VERSION = 1.0;
				PRODUCT_BUNDLE_IDENTIFIER = tanyasamastr.NetflixUITests;
				PRODUCT_NAME = "$(TARGET_NAME)";
				SWIFT_EMIT_LOC_STRINGS = NO;
				SWIFT_VERSION = 5.0;
				TARGETED_DEVICE_FAMILY = "1,2";
				TEST_TARGET_NAME = Netflix;
			};
			name = Debug;
		};
		95211004283BA0F7003D059D /* Release */ = {
			isa = XCBuildConfiguration;
			baseConfigurationReference = A434C425F67535628AF133E3 /* Pods-Netflix-NetflixUITests.release.xcconfig */;
			buildSettings = {
				ALWAYS_EMBED_SWIFT_STANDARD_LIBRARIES = YES;
				CODE_SIGN_STYLE = Automatic;
				CURRENT_PROJECT_VERSION = 1;
				DEVELOPMENT_TEAM = RAR2BY5DT6;
				GENERATE_INFOPLIST_FILE = YES;
				MARKETING_VERSION = 1.0;
				PRODUCT_BUNDLE_IDENTIFIER = tanyasamastr.NetflixUITests;
				PRODUCT_NAME = "$(TARGET_NAME)";
				SWIFT_EMIT_LOC_STRINGS = NO;
				SWIFT_VERSION = 5.0;
				TARGETED_DEVICE_FAMILY = "1,2";
				TEST_TARGET_NAME = Netflix;
			};
			name = Release;
		};
/* End XCBuildConfiguration section */

/* Begin XCConfigurationList section */
		95210FCD283BA0F4003D059D /* Build configuration list for PBXProject "Netflix" */ = {
			isa = XCConfigurationList;
			buildConfigurations = (
				95210FFA283BA0F7003D059D /* Debug */,
				95210FFB283BA0F7003D059D /* Release */,
			);
			defaultConfigurationIsVisible = 0;
			defaultConfigurationName = Release;
		};
		95210FFC283BA0F7003D059D /* Build configuration list for PBXNativeTarget "Netflix" */ = {
			isa = XCConfigurationList;
			buildConfigurations = (
				95210FFD283BA0F7003D059D /* Debug */,
				95210FFE283BA0F7003D059D /* Release */,
			);
			defaultConfigurationIsVisible = 0;
			defaultConfigurationName = Release;
		};
		95210FFF283BA0F7003D059D /* Build configuration list for PBXNativeTarget "NetflixTests" */ = {
			isa = XCConfigurationList;
			buildConfigurations = (
				95211000283BA0F7003D059D /* Debug */,
				95211001283BA0F7003D059D /* Release */,
			);
			defaultConfigurationIsVisible = 0;
			defaultConfigurationName = Release;
		};
		95211002283BA0F7003D059D /* Build configuration list for PBXNativeTarget "NetflixUITests" */ = {
			isa = XCConfigurationList;
			buildConfigurations = (
				95211003283BA0F7003D059D /* Debug */,
				95211004283BA0F7003D059D /* Release */,
			);
			defaultConfigurationIsVisible = 0;
			defaultConfigurationName = Release;
		};
/* End XCConfigurationList section */
	};
	rootObject = 95210FCA283BA0F4003D059D /* Project object */;
}
