// !$*UTF8*$!
{
	archiveVersion = 1;
	classes = {
	};
	objectVersion = 55;
	objects = {

/* Begin PBXBuildFile section */
		5A07C7A228698FE300669682 /* User.swift in Sources */ = {isa = PBXBuildFile; fileRef = 5A07C7A128698FE300669682 /* User.swift */; };
		5A0E9862283FAFB700BACC1F /* Colors.xcassets in Resources */ = {isa = PBXBuildFile; fileRef = 5A0E9861283FAFB700BACC1F /* Colors.xcassets */; };
		5A1DC3902897F9420070F25B /* Movie.swift in Sources */ = {isa = PBXBuildFile; fileRef = 5A1DC38F2897F9420070F25B /* Movie.swift */; };
		5A1F4F262869A87A00765DF6 /* UserInfoProvider.swift in Sources */ = {isa = PBXBuildFile; fileRef = 5A1F4F252869A87A00765DF6 /* UserInfoProvider.swift */; };
		5A26953A28ACF42500587B81 /* LocalDataSourceUseCase.swift in Sources */ = {isa = PBXBuildFile; fileRef = 5A26953928ACF42500587B81 /* LocalDataSourceUseCase.swift */; };
		5A29679128AF9487003CEB83 /* MoviesProviderDataBase.swift in Sources */ = {isa = PBXBuildFile; fileRef = 5A29679028AF9487003CEB83 /* MoviesProviderDataBase.swift */; };
		5A29679328AF96ED003CEB83 /* MoviesProviderAPIWithCache.swift in Sources */ = {isa = PBXBuildFile; fileRef = 5A29679228AF96ED003CEB83 /* MoviesProviderAPIWithCache.swift */; };
		5A29679628AF9BE3003CEB83 /* MovieEntity+CoreDataClass.swift in Sources */ = {isa = PBXBuildFile; fileRef = 5A29679428AF9BE3003CEB83 /* MovieEntity+CoreDataClass.swift */; };
		5A29679728AF9BE3003CEB83 /* MovieEntity+CoreDataProperties.swift in Sources */ = {isa = PBXBuildFile; fileRef = 5A29679528AF9BE3003CEB83 /* MovieEntity+CoreDataProperties.swift */; };
		5A2CECA428B39D520035228D /* MoviesProvider.swift in Sources */ = {isa = PBXBuildFile; fileRef = 5A2CECA328B39D520035228D /* MoviesProvider.swift */; };
		5A2CECA628B3A9350035228D /* NetworkMonitor.swift in Sources */ = {isa = PBXBuildFile; fileRef = 5A2CECA528B3A9350035228D /* NetworkMonitor.swift */; };
		5A2F509D2892BD4E0074524E /* MovieDetailsViewModel.swift in Sources */ = {isa = PBXBuildFile; fileRef = 5A2F509C2892BD4E0074524E /* MovieDetailsViewModel.swift */; };
		5A31D909283E138D006AEEAA /* swiftgen.yml in Resources */ = {isa = PBXBuildFile; fileRef = 5A31D908283E138D006AEEAA /* swiftgen.yml */; };
		5A3DE84B28883E1C001B7080 /* OnboardingViewModel.swift in Sources */ = {isa = PBXBuildFile; fileRef = 5A3DE84A28883E1C001B7080 /* OnboardingViewModel.swift */; };
		5A456C5428A3F97600A8B994 /* GetVideosResponse.swift in Sources */ = {isa = PBXBuildFile; fileRef = 5A456C5328A3F97600A8B994 /* GetVideosResponse.swift */; };
		5A51276C2840D01C00694205 /* FirstPageViewController.swift in Sources */ = {isa = PBXBuildFile; fileRef = 5A51276B2840D01C00694205 /* FirstPageViewController.swift */; };
		5A51276E2840D05500694205 /* SecondPageViewController.swift in Sources */ = {isa = PBXBuildFile; fileRef = 5A51276D2840D05500694205 /* SecondPageViewController.swift */; };
		5A61192F283FA6EA00F4A86F /* LaunchScreen.storyboard in Resources */ = {isa = PBXBuildFile; fileRef = 5A61192E283FA6EA00F4A86F /* LaunchScreen.storyboard */; };
		5A6666A628A29EF900232FCA /* IsFavoriteResponse.swift in Sources */ = {isa = PBXBuildFile; fileRef = 5A6666A528A29EF900232FCA /* IsFavoriteResponse.swift */; };
		5A6666A828A29F2400232FCA /* AccountDetails.swift in Sources */ = {isa = PBXBuildFile; fileRef = 5A6666A728A29F2400232FCA /* AccountDetails.swift */; };
		5A6666AC28A2A3ED00232FCA /* LatestMovie.swift in Sources */ = {isa = PBXBuildFile; fileRef = 5A6666AB28A2A3ED00232FCA /* LatestMovie.swift */; };
		5A6778E42889586E0005A9C0 /* ViewModel.swift in Sources */ = {isa = PBXBuildFile; fileRef = 5A6778E32889586E0005A9C0 /* ViewModel.swift */; };
		5A6DA037286C7218002D9D3A /* AuthenticationTokenResponse.swift in Sources */ = {isa = PBXBuildFile; fileRef = 5A6DA036286C7218002D9D3A /* AuthenticationTokenResponse.swift */; };
		5A6DA039286C77AD002D9D3A /* CreateSessionResponse.swift in Sources */ = {isa = PBXBuildFile; fileRef = 5A6DA038286C77AD002D9D3A /* CreateSessionResponse.swift */; };
		5A71C77A283E35EB00DA7B7C /* XCAssets+Generated.swift in Sources */ = {isa = PBXBuildFile; fileRef = 5A71C779283E35EB00DA7B7C /* XCAssets+Generated.swift */; };
		5A71C781283E462D00DA7B7C /* OnboardingViewController.swift in Sources */ = {isa = PBXBuildFile; fileRef = 5A71C780283E462D00DA7B7C /* OnboardingViewController.swift */; };
		5A736D242880279A0031CC10 /* AppCoordinator.swift in Sources */ = {isa = PBXBuildFile; fileRef = 5A736D232880279A0031CC10 /* AppCoordinator.swift */; };
		5A736D27288030370031CC10 /* Coordinator.swift in Sources */ = {isa = PBXBuildFile; fileRef = 5A736D26288030370031CC10 /* Coordinator.swift */; };
		5A736D2928806D6F0031CC10 /* DashboardCoordinator.swift in Sources */ = {isa = PBXBuildFile; fileRef = 5A736D2828806D6F0031CC10 /* DashboardCoordinator.swift */; };
		5A736D2B2880AA1B0031CC10 /* HomeCoordinator.swift in Sources */ = {isa = PBXBuildFile; fileRef = 5A736D2A2880AA1B0031CC10 /* HomeCoordinator.swift */; };
		5A736D2D2880AA960031CC10 /* ComingSoonCoordinator.swift in Sources */ = {isa = PBXBuildFile; fileRef = 5A736D2C2880AA960031CC10 /* ComingSoonCoordinator.swift */; };
		5A736D2F2880AAB60031CC10 /* FavoritesCoordinator.swift in Sources */ = {isa = PBXBuildFile; fileRef = 5A736D2E2880AAB60031CC10 /* FavoritesCoordinator.swift */; };
		5A736D312880AD270031CC10 /* ProfileCoordinator.swift in Sources */ = {isa = PBXBuildFile; fileRef = 5A736D302880AD270031CC10 /* ProfileCoordinator.swift */; };
		5A736D342880B15C0031CC10 /* MovieDetailsCoordinator.swift in Sources */ = {isa = PBXBuildFile; fileRef = 5A736D332880B15C0031CC10 /* MovieDetailsCoordinator.swift */; };
		5A80551E284DD48600B1FF5B /* Mansalva-Regular.ttf in Resources */ = {isa = PBXBuildFile; fileRef = 5A80551D284DD48600B1FF5B /* Mansalva-Regular.ttf */; };
		5A805520284DD4EB00B1FF5B /* Fonts+Generated.swift in Sources */ = {isa = PBXBuildFile; fileRef = 5A80551F284DD4EB00B1FF5B /* Fonts+Generated.swift */; };
		5A849AC7289915450082B83C /* MovieDetails.swift in Sources */ = {isa = PBXBuildFile; fileRef = 5A849AC6289915450082B83C /* MovieDetails.swift */; };
		5A849AC928991A550082B83C /* ComingSoonViewModel.swift in Sources */ = {isa = PBXBuildFile; fileRef = 5A849AC828991A550082B83C /* ComingSoonViewModel.swift */; };
		5A98A16F28AE3EC300EE4F72 /* NetflixDataBase.xcdatamodeld in Sources */ = {isa = PBXBuildFile; fileRef = 5A98A16D28AE3EC300EE4F72 /* NetflixDataBase.xcdatamodeld */; };
		5A98A17828AE3F0600EE4F72 /* UserEntity+CoreDataClass.swift in Sources */ = {isa = PBXBuildFile; fileRef = 5A98A17028AE3F0600EE4F72 /* UserEntity+CoreDataClass.swift */; };
		5A98A17928AE3F0600EE4F72 /* UserEntity+CoreDataProperties.swift in Sources */ = {isa = PBXBuildFile; fileRef = 5A98A17128AE3F0600EE4F72 /* UserEntity+CoreDataProperties.swift */; };
		5A98A18628AE4FBC00EE4F72 /* FavoriteEntity+CoreDataClass.swift in Sources */ = {isa = PBXBuildFile; fileRef = 5A98A18028AE4FBC00EE4F72 /* FavoriteEntity+CoreDataClass.swift */; };
		5A98A18728AE4FBC00EE4F72 /* FavoriteEntity+CoreDataProperties.swift in Sources */ = {isa = PBXBuildFile; fileRef = 5A98A18128AE4FBC00EE4F72 /* FavoriteEntity+CoreDataProperties.swift */; };
		5A98A18828AE4FBC00EE4F72 /* UpcomingEntity+CoreDataClass.swift in Sources */ = {isa = PBXBuildFile; fileRef = 5A98A18228AE4FBC00EE4F72 /* UpcomingEntity+CoreDataClass.swift */; };
		5A98A18928AE4FBC00EE4F72 /* UpcomingEntity+CoreDataProperties.swift in Sources */ = {isa = PBXBuildFile; fileRef = 5A98A18328AE4FBC00EE4F72 /* UpcomingEntity+CoreDataProperties.swift */; };
		5A98A18A28AE4FBC00EE4F72 /* PopularEntity+CoreDataClass.swift in Sources */ = {isa = PBXBuildFile; fileRef = 5A98A18428AE4FBC00EE4F72 /* PopularEntity+CoreDataClass.swift */; };
		5A98A18B28AE4FBC00EE4F72 /* PopularEntity+CoreDataProperties.swift in Sources */ = {isa = PBXBuildFile; fileRef = 5A98A18528AE4FBC00EE4F72 /* PopularEntity+CoreDataProperties.swift */; };
		5A98A19128AE784E00EE4F72 /* CoreDataManager.swift in Sources */ = {isa = PBXBuildFile; fileRef = 5A98A19028AE784E00EE4F72 /* CoreDataManager.swift */; };
		5AA0136C288E8491007C0E59 /* MoviesAPI.swift in Sources */ = {isa = PBXBuildFile; fileRef = 5AA0136B288E8491007C0E59 /* MoviesAPI.swift */; };
		5AA0136E288E8EA0007C0E59 /* GetLatestResponse.swift in Sources */ = {isa = PBXBuildFile; fileRef = 5AA0136D288E8EA0007C0E59 /* GetLatestResponse.swift */; };
		5AA01370288E9471007C0E59 /* MoviesProviderAPI.swift in Sources */ = {isa = PBXBuildFile; fileRef = 5AA0136F288E9471007C0E59 /* MoviesProviderAPI.swift */; };
		5AA01374288E98B6007C0E59 /* MovieDetailsResponse.swift in Sources */ = {isa = PBXBuildFile; fileRef = 5AA01373288E98B6007C0E59 /* MovieDetailsResponse.swift */; };
		5AA01376288EA50C007C0E59 /* MoviesResultsResponse.swift in Sources */ = {isa = PBXBuildFile; fileRef = 5AA01375288EA50C007C0E59 /* MoviesResultsResponse.swift */; };
		5AA01378288EA538007C0E59 /* MovieResponse.swift in Sources */ = {isa = PBXBuildFile; fileRef = 5AA01377288EA538007C0E59 /* MovieResponse.swift */; };
		5AA483D0287C64B70051D9A9 /* FavoritesTableViewCell.swift in Sources */ = {isa = PBXBuildFile; fileRef = 5AA483CF287C64B70051D9A9 /* FavoritesTableViewCell.swift */; };
		5AB33C0E28479B240027F483 /* HomeCollectionViewCell.swift in Sources */ = {isa = PBXBuildFile; fileRef = 5AB33C0D28479B240027F483 /* HomeCollectionViewCell.swift */; };
		5AB8CEB8283D46EB0040C56A /* SplashViewController.swift in Sources */ = {isa = PBXBuildFile; fileRef = 5AB8CEB7283D46EB0040C56A /* SplashViewController.swift */; };
		5AB8CEBA283D46F50040C56A /* SplashViewModel.swift in Sources */ = {isa = PBXBuildFile; fileRef = 5AB8CEB9283D46F50040C56A /* SplashViewModel.swift */; };
		5AB8CEBC283D470A0040C56A /* SplashCoordinator.swift in Sources */ = {isa = PBXBuildFile; fileRef = 5AB8CEBB283D470A0040C56A /* SplashCoordinator.swift */; };
		5ABCB09528A6385F00F49FED /* HeadMovieCoverView.swift in Sources */ = {isa = PBXBuildFile; fileRef = 5ABCB09428A6385F00F49FED /* HeadMovieCoverView.swift */; };
		5ACDE366287D6EBD00209D4C /* MoviesCollectionViewCell.swift in Sources */ = {isa = PBXBuildFile; fileRef = 5ACDE364287D6EBD00209D4C /* MoviesCollectionViewCell.swift */; };
		5ACDE369287D71CA00209D4C /* LottieSpinner.json in Resources */ = {isa = PBXBuildFile; fileRef = 5ACDE368287D71CA00209D4C /* LottieSpinner.json */; };
		5ACDE36B287D755000209D4C /* MovieDetailsViewController.swift in Sources */ = {isa = PBXBuildFile; fileRef = 5ACDE36A287D755000209D4C /* MovieDetailsViewController.swift */; };
		5ACDE36E287DE39100209D4C /* ProfileViewController.swift in Sources */ = {isa = PBXBuildFile; fileRef = 5ACDE36D287DE39100209D4C /* ProfileViewController.swift */; };
		5AE171432872DB6500202F6A /* NetworkingError.swift in Sources */ = {isa = PBXBuildFile; fileRef = 5AE171422872DB6500202F6A /* NetworkingError.swift */; };
		5AE171452872DB7200202F6A /* NetworkingErrorResponse.swift in Sources */ = {isa = PBXBuildFile; fileRef = 5AE171442872DB7200202F6A /* NetworkingErrorResponse.swift */; };
		5AE29EB12893F5990030333B /* AccountDetailsResponse.swift in Sources */ = {isa = PBXBuildFile; fileRef = 5AE29EB02893F5980030333B /* AccountDetailsResponse.swift */; };
		5AE29EB32893F5B50030333B /* ProfileViewModel.swift in Sources */ = {isa = PBXBuildFile; fileRef = 5AE29EB22893F5B50030333B /* ProfileViewModel.swift */; };
		5AE29EB52893F5FC0030333B /* HomeViewModel.swift in Sources */ = {isa = PBXBuildFile; fileRef = 5AE29EB42893F5FC0030333B /* HomeViewModel.swift */; };
		5AE29EB72893F6130030333B /* DashboardViewController.swift in Sources */ = {isa = PBXBuildFile; fileRef = 5AE29EB62893F6130030333B /* DashboardViewController.swift */; };
		5AE29EB9289401CC0030333B /* FavoritesViewModel.swift in Sources */ = {isa = PBXBuildFile; fileRef = 5AE29EB8289401CC0030333B /* FavoritesViewModel.swift */; };
		5AE521ED2897BB2B00B4EC74 /* MarkAsFavoriteResponse.swift in Sources */ = {isa = PBXBuildFile; fileRef = 5AE521EC2897BB2B00B4EC74 /* MarkAsFavoriteResponse.swift */; };
		5AEE13692872E45500D539B4 /* KeychainUseCase.swift in Sources */ = {isa = PBXBuildFile; fileRef = 5AEE13682872E45500D539B4 /* KeychainUseCase.swift */; };
		5AF42FB0286C4A970039174E /* UserInfoAPI.swift in Sources */ = {isa = PBXBuildFile; fileRef = 5AF42FAF286C4A970039174E /* UserInfoAPI.swift */; };
		5AFAAFC62840DD5A00F11183 /* HomeViewController.swift in Sources */ = {isa = PBXBuildFile; fileRef = 5AFAAFC52840DD5A00F11183 /* HomeViewController.swift */; };
		5AFAAFC82840DD8600F11183 /* ComingSoonViewController.swift in Sources */ = {isa = PBXBuildFile; fileRef = 5AFAAFC72840DD8600F11183 /* ComingSoonViewController.swift */; };
		5AFAAFCA2840DDA300F11183 /* FavoritesViewController.swift in Sources */ = {isa = PBXBuildFile; fileRef = 5AFAAFC92840DDA300F11183 /* FavoritesViewController.swift */; };
		5AFAAFCC2840E29E00F11183 /* OnboardingCoordinator.swift in Sources */ = {isa = PBXBuildFile; fileRef = 5AFAAFCB2840E29E00F11183 /* OnboardingCoordinator.swift */; };
		5AFEDBC6283D1CC0005DDDE0 /* .swiftlint.yml in Resources */ = {isa = PBXBuildFile; fileRef = 5AFEDBC5283D1CC0005DDDE0 /* .swiftlint.yml */; };
		95210FD6283BA0F4003D059D /* AppDelegate.swift in Sources */ = {isa = PBXBuildFile; fileRef = 95210FD5283BA0F4003D059D /* AppDelegate.swift */; };
		95210FD8283BA0F4003D059D /* SceneDelegate.swift in Sources */ = {isa = PBXBuildFile; fileRef = 95210FD7283BA0F4003D059D /* SceneDelegate.swift */; };
		95210FDF283BA0F6003D059D /* Assets.xcassets in Resources */ = {isa = PBXBuildFile; fileRef = 95210FDE283BA0F6003D059D /* Assets.xcassets */; };
		95210FED283BA0F7003D059D /* NetflixTests.swift in Sources */ = {isa = PBXBuildFile; fileRef = 95210FEC283BA0F7003D059D /* NetflixTests.swift */; };
		95210FF7283BA0F7003D059D /* NetflixUITests.swift in Sources */ = {isa = PBXBuildFile; fileRef = 95210FF6283BA0F7003D059D /* NetflixUITests.swift */; };
		95210FF9283BA0F7003D059D /* NetflixUITestsLaunchTests.swift in Sources */ = {isa = PBXBuildFile; fileRef = 95210FF8283BA0F7003D059D /* NetflixUITestsLaunchTests.swift */; };
		AE0503B8284601000031D490 /* LoginViewModel.swift in Sources */ = {isa = PBXBuildFile; fileRef = AE0503B5284601000031D490 /* LoginViewModel.swift */; };
		AE0503B9284601000031D490 /* LoginCoordinator.swift in Sources */ = {isa = PBXBuildFile; fileRef = AE0503B6284601000031D490 /* LoginCoordinator.swift */; };
		AE0503BA284601000031D490 /* LoginViewController.swift in Sources */ = {isa = PBXBuildFile; fileRef = AE0503B7284601000031D490 /* LoginViewController.swift */; };
		C37F0C1B59862851644A5615 /* Pods_Netflix.framework in Frameworks */ = {isa = PBXBuildFile; fileRef = 13D24F2AD85E24954329BEDF /* Pods_Netflix.framework */; };
		C719D7C79BD263322C913405 /* Pods_Netflix_NetflixUITests.framework in Frameworks */ = {isa = PBXBuildFile; fileRef = 58D10686B668806F7C4D3E12 /* Pods_Netflix_NetflixUITests.framework */; };
		F4A5E6BA01D3AD86994E78EC /* Pods_NetflixTests.framework in Frameworks */ = {isa = PBXBuildFile; fileRef = E78B5BB7DDE1A5132ACBFEC1 /* Pods_NetflixTests.framework */; };
/* End PBXBuildFile section */

/* Begin PBXContainerItemProxy section */
		95210FE9283BA0F7003D059D /* PBXContainerItemProxy */ = {
			isa = PBXContainerItemProxy;
			containerPortal = 95210FCA283BA0F4003D059D /* Project object */;
			proxyType = 1;
			remoteGlobalIDString = 95210FD1283BA0F4003D059D;
			remoteInfo = Netflix;
		};
		95210FF3283BA0F7003D059D /* PBXContainerItemProxy */ = {
			isa = PBXContainerItemProxy;
			containerPortal = 95210FCA283BA0F4003D059D /* Project object */;
			proxyType = 1;
			remoteGlobalIDString = 95210FD1283BA0F4003D059D;
			remoteInfo = Netflix;
		};
/* End PBXContainerItemProxy section */

/* Begin PBXFileReference section */
		13D24F2AD85E24954329BEDF /* Pods_Netflix.framework */ = {isa = PBXFileReference; explicitFileType = wrapper.framework; includeInIndex = 0; path = Pods_Netflix.framework; sourceTree = BUILT_PRODUCTS_DIR; };
		2BBE7AD9C2A2E1519A1D376A /* Pods-Netflix-NetflixUITests.debug.xcconfig */ = {isa = PBXFileReference; includeInIndex = 1; lastKnownFileType = text.xcconfig; name = "Pods-Netflix-NetflixUITests.debug.xcconfig"; path = "Target Support Files/Pods-Netflix-NetflixUITests/Pods-Netflix-NetflixUITests.debug.xcconfig"; sourceTree = "<group>"; };
		373CE02B96CDED666DE3D747 /* Pods-Netflix.debug.xcconfig */ = {isa = PBXFileReference; includeInIndex = 1; lastKnownFileType = text.xcconfig; name = "Pods-Netflix.debug.xcconfig"; path = "Target Support Files/Pods-Netflix/Pods-Netflix.debug.xcconfig"; sourceTree = "<group>"; };
		58D10686B668806F7C4D3E12 /* Pods_Netflix_NetflixUITests.framework */ = {isa = PBXFileReference; explicitFileType = wrapper.framework; includeInIndex = 0; path = Pods_Netflix_NetflixUITests.framework; sourceTree = BUILT_PRODUCTS_DIR; };
		5A07C7A128698FE300669682 /* User.swift */ = {isa = PBXFileReference; fileEncoding = 4; lastKnownFileType = sourcecode.swift; path = User.swift; sourceTree = "<group>"; };
		5A0E9861283FAFB700BACC1F /* Colors.xcassets */ = {isa = PBXFileReference; lastKnownFileType = folder.assetcatalog; path = Colors.xcassets; sourceTree = "<group>"; };
		5A1DC38F2897F9420070F25B /* Movie.swift */ = {isa = PBXFileReference; lastKnownFileType = sourcecode.swift; path = Movie.swift; sourceTree = "<group>"; };
		5A1F4F252869A87A00765DF6 /* UserInfoProvider.swift */ = {isa = PBXFileReference; lastKnownFileType = sourcecode.swift; path = UserInfoProvider.swift; sourceTree = "<group>"; };
		5A26953928ACF42500587B81 /* LocalDataSourceUseCase.swift */ = {isa = PBXFileReference; lastKnownFileType = sourcecode.swift; path = LocalDataSourceUseCase.swift; sourceTree = "<group>"; };
		5A29679028AF9487003CEB83 /* MoviesProviderDataBase.swift */ = {isa = PBXFileReference; lastKnownFileType = sourcecode.swift; path = MoviesProviderDataBase.swift; sourceTree = "<group>"; };
		5A29679228AF96ED003CEB83 /* MoviesProviderAPIWithCache.swift */ = {isa = PBXFileReference; lastKnownFileType = sourcecode.swift; path = MoviesProviderAPIWithCache.swift; sourceTree = "<group>"; };
		5A29679428AF9BE3003CEB83 /* MovieEntity+CoreDataClass.swift */ = {isa = PBXFileReference; lastKnownFileType = sourcecode.swift; path = "MovieEntity+CoreDataClass.swift"; sourceTree = "<group>"; };
		5A29679528AF9BE3003CEB83 /* MovieEntity+CoreDataProperties.swift */ = {isa = PBXFileReference; lastKnownFileType = sourcecode.swift; path = "MovieEntity+CoreDataProperties.swift"; sourceTree = "<group>"; };
		5A2CECA328B39D520035228D /* MoviesProvider.swift */ = {isa = PBXFileReference; lastKnownFileType = sourcecode.swift; path = MoviesProvider.swift; sourceTree = "<group>"; };
		5A2CECA528B3A9350035228D /* NetworkMonitor.swift */ = {isa = PBXFileReference; lastKnownFileType = sourcecode.swift; path = NetworkMonitor.swift; sourceTree = "<group>"; };
		5A2F509C2892BD4E0074524E /* MovieDetailsViewModel.swift */ = {isa = PBXFileReference; lastKnownFileType = sourcecode.swift; path = MovieDetailsViewModel.swift; sourceTree = "<group>"; };
		5A31D908283E138D006AEEAA /* swiftgen.yml */ = {isa = PBXFileReference; fileEncoding = 4; lastKnownFileType = text.yaml; path = swiftgen.yml; sourceTree = "<group>"; };
		5A3DE84A28883E1C001B7080 /* OnboardingViewModel.swift */ = {isa = PBXFileReference; lastKnownFileType = sourcecode.swift; path = OnboardingViewModel.swift; sourceTree = "<group>"; };
		5A456C5328A3F97600A8B994 /* GetVideosResponse.swift */ = {isa = PBXFileReference; lastKnownFileType = sourcecode.swift; path = GetVideosResponse.swift; sourceTree = "<group>"; };
		5A51276B2840D01C00694205 /* FirstPageViewController.swift */ = {isa = PBXFileReference; lastKnownFileType = sourcecode.swift; path = FirstPageViewController.swift; sourceTree = "<group>"; };
		5A51276D2840D05500694205 /* SecondPageViewController.swift */ = {isa = PBXFileReference; lastKnownFileType = sourcecode.swift; path = SecondPageViewController.swift; sourceTree = "<group>"; };
		5A61192E283FA6EA00F4A86F /* LaunchScreen.storyboard */ = {isa = PBXFileReference; lastKnownFileType = file.storyboard; path = LaunchScreen.storyboard; sourceTree = "<group>"; };
		5A6666A528A29EF900232FCA /* IsFavoriteResponse.swift */ = {isa = PBXFileReference; fileEncoding = 4; lastKnownFileType = sourcecode.swift; path = IsFavoriteResponse.swift; sourceTree = "<group>"; };
		5A6666A728A29F2400232FCA /* AccountDetails.swift */ = {isa = PBXFileReference; fileEncoding = 4; lastKnownFileType = sourcecode.swift; path = AccountDetails.swift; sourceTree = "<group>"; };
		5A6666AB28A2A3ED00232FCA /* LatestMovie.swift */ = {isa = PBXFileReference; fileEncoding = 4; lastKnownFileType = sourcecode.swift; path = LatestMovie.swift; sourceTree = "<group>"; };
		5A6778E32889586E0005A9C0 /* ViewModel.swift */ = {isa = PBXFileReference; lastKnownFileType = sourcecode.swift; path = ViewModel.swift; sourceTree = "<group>"; };
		5A6DA036286C7218002D9D3A /* AuthenticationTokenResponse.swift */ = {isa = PBXFileReference; lastKnownFileType = sourcecode.swift; path = AuthenticationTokenResponse.swift; sourceTree = "<group>"; };
		5A6DA038286C77AD002D9D3A /* CreateSessionResponse.swift */ = {isa = PBXFileReference; lastKnownFileType = sourcecode.swift; path = CreateSessionResponse.swift; sourceTree = "<group>"; };
		5A71C779283E35EB00DA7B7C /* XCAssets+Generated.swift */ = {isa = PBXFileReference; lastKnownFileType = sourcecode.swift; path = "XCAssets+Generated.swift"; sourceTree = "<group>"; };
		5A71C780283E462D00DA7B7C /* OnboardingViewController.swift */ = {isa = PBXFileReference; lastKnownFileType = sourcecode.swift; path = OnboardingViewController.swift; sourceTree = "<group>"; };
		5A736D232880279A0031CC10 /* AppCoordinator.swift */ = {isa = PBXFileReference; lastKnownFileType = sourcecode.swift; path = AppCoordinator.swift; sourceTree = "<group>"; };
		5A736D26288030370031CC10 /* Coordinator.swift */ = {isa = PBXFileReference; lastKnownFileType = sourcecode.swift; path = Coordinator.swift; sourceTree = "<group>"; };
		5A736D2828806D6F0031CC10 /* DashboardCoordinator.swift */ = {isa = PBXFileReference; lastKnownFileType = sourcecode.swift; path = DashboardCoordinator.swift; sourceTree = "<group>"; };
		5A736D2A2880AA1B0031CC10 /* HomeCoordinator.swift */ = {isa = PBXFileReference; lastKnownFileType = sourcecode.swift; path = HomeCoordinator.swift; sourceTree = "<group>"; };
		5A736D2C2880AA960031CC10 /* ComingSoonCoordinator.swift */ = {isa = PBXFileReference; lastKnownFileType = sourcecode.swift; path = ComingSoonCoordinator.swift; sourceTree = "<group>"; };
		5A736D2E2880AAB60031CC10 /* FavoritesCoordinator.swift */ = {isa = PBXFileReference; lastKnownFileType = sourcecode.swift; path = FavoritesCoordinator.swift; sourceTree = "<group>"; };
		5A736D302880AD270031CC10 /* ProfileCoordinator.swift */ = {isa = PBXFileReference; lastKnownFileType = sourcecode.swift; path = ProfileCoordinator.swift; sourceTree = "<group>"; };
		5A736D332880B15C0031CC10 /* MovieDetailsCoordinator.swift */ = {isa = PBXFileReference; lastKnownFileType = sourcecode.swift; path = MovieDetailsCoordinator.swift; sourceTree = "<group>"; };
		5A80551D284DD48600B1FF5B /* Mansalva-Regular.ttf */ = {isa = PBXFileReference; lastKnownFileType = file; path = "Mansalva-Regular.ttf"; sourceTree = "<group>"; };
		5A80551F284DD4EB00B1FF5B /* Fonts+Generated.swift */ = {isa = PBXFileReference; fileEncoding = 4; lastKnownFileType = sourcecode.swift; path = "Fonts+Generated.swift"; sourceTree = "<group>"; };
		5A849AC6289915450082B83C /* MovieDetails.swift */ = {isa = PBXFileReference; lastKnownFileType = sourcecode.swift; path = MovieDetails.swift; sourceTree = "<group>"; };
		5A849AC828991A550082B83C /* ComingSoonViewModel.swift */ = {isa = PBXFileReference; lastKnownFileType = sourcecode.swift; path = ComingSoonViewModel.swift; sourceTree = "<group>"; };
		5A98A16E28AE3EC300EE4F72 /* MovieDataBase.xcdatamodel */ = {isa = PBXFileReference; lastKnownFileType = wrapper.xcdatamodel; path = MovieDataBase.xcdatamodel; sourceTree = "<group>"; };
		5A98A17028AE3F0600EE4F72 /* UserEntity+CoreDataClass.swift */ = {isa = PBXFileReference; lastKnownFileType = sourcecode.swift; path = "UserEntity+CoreDataClass.swift"; sourceTree = "<group>"; };
		5A98A17128AE3F0600EE4F72 /* UserEntity+CoreDataProperties.swift */ = {isa = PBXFileReference; lastKnownFileType = sourcecode.swift; path = "UserEntity+CoreDataProperties.swift"; sourceTree = "<group>"; };
		5A98A18028AE4FBC00EE4F72 /* FavoriteEntity+CoreDataClass.swift */ = {isa = PBXFileReference; lastKnownFileType = sourcecode.swift; path = "FavoriteEntity+CoreDataClass.swift"; sourceTree = "<group>"; };
		5A98A18128AE4FBC00EE4F72 /* FavoriteEntity+CoreDataProperties.swift */ = {isa = PBXFileReference; lastKnownFileType = sourcecode.swift; path = "FavoriteEntity+CoreDataProperties.swift"; sourceTree = "<group>"; };
		5A98A18228AE4FBC00EE4F72 /* UpcomingEntity+CoreDataClass.swift */ = {isa = PBXFileReference; lastKnownFileType = sourcecode.swift; path = "UpcomingEntity+CoreDataClass.swift"; sourceTree = "<group>"; };
		5A98A18328AE4FBC00EE4F72 /* UpcomingEntity+CoreDataProperties.swift */ = {isa = PBXFileReference; lastKnownFileType = sourcecode.swift; path = "UpcomingEntity+CoreDataProperties.swift"; sourceTree = "<group>"; };
		5A98A18428AE4FBC00EE4F72 /* PopularEntity+CoreDataClass.swift */ = {isa = PBXFileReference; lastKnownFileType = sourcecode.swift; path = "PopularEntity+CoreDataClass.swift"; sourceTree = "<group>"; };
		5A98A18528AE4FBC00EE4F72 /* PopularEntity+CoreDataProperties.swift */ = {isa = PBXFileReference; lastKnownFileType = sourcecode.swift; path = "PopularEntity+CoreDataProperties.swift"; sourceTree = "<group>"; };
		5A98A19028AE784E00EE4F72 /* CoreDataManager.swift */ = {isa = PBXFileReference; lastKnownFileType = sourcecode.swift; path = CoreDataManager.swift; sourceTree = "<group>"; };
		5AA0136B288E8491007C0E59 /* MoviesAPI.swift */ = {isa = PBXFileReference; lastKnownFileType = sourcecode.swift; path = MoviesAPI.swift; sourceTree = "<group>"; };
		5AA0136D288E8EA0007C0E59 /* GetLatestResponse.swift */ = {isa = PBXFileReference; lastKnownFileType = sourcecode.swift; path = GetLatestResponse.swift; sourceTree = "<group>"; };
		5AA0136F288E9471007C0E59 /* MoviesProviderAPI.swift */ = {isa = PBXFileReference; lastKnownFileType = sourcecode.swift; path = MoviesProviderAPI.swift; sourceTree = "<group>"; };
		5AA01373288E98B6007C0E59 /* MovieDetailsResponse.swift */ = {isa = PBXFileReference; lastKnownFileType = sourcecode.swift; path = MovieDetailsResponse.swift; sourceTree = "<group>"; };
		5AA01375288EA50C007C0E59 /* MoviesResultsResponse.swift */ = {isa = PBXFileReference; lastKnownFileType = sourcecode.swift; path = MoviesResultsResponse.swift; sourceTree = "<group>"; };
		5AA01377288EA538007C0E59 /* MovieResponse.swift */ = {isa = PBXFileReference; lastKnownFileType = sourcecode.swift; path = MovieResponse.swift; sourceTree = "<group>"; };
		5AA483CF287C64B70051D9A9 /* FavoritesTableViewCell.swift */ = {isa = PBXFileReference; lastKnownFileType = sourcecode.swift; path = FavoritesTableViewCell.swift; sourceTree = "<group>"; };
		5AB33C0D28479B240027F483 /* HomeCollectionViewCell.swift */ = {isa = PBXFileReference; fileEncoding = 4; lastKnownFileType = sourcecode.swift; path = HomeCollectionViewCell.swift; sourceTree = "<group>"; };
		5AB8CEB7283D46EB0040C56A /* SplashViewController.swift */ = {isa = PBXFileReference; lastKnownFileType = sourcecode.swift; path = SplashViewController.swift; sourceTree = "<group>"; };
		5AB8CEB9283D46F50040C56A /* SplashViewModel.swift */ = {isa = PBXFileReference; lastKnownFileType = sourcecode.swift; path = SplashViewModel.swift; sourceTree = "<group>"; };
		5AB8CEBB283D470A0040C56A /* SplashCoordinator.swift */ = {isa = PBXFileReference; lastKnownFileType = sourcecode.swift; path = SplashCoordinator.swift; sourceTree = "<group>"; };
		5ABCB09428A6385F00F49FED /* HeadMovieCoverView.swift */ = {isa = PBXFileReference; fileEncoding = 4; lastKnownFileType = sourcecode.swift; path = HeadMovieCoverView.swift; sourceTree = "<group>"; };
		5ACDE364287D6EBD00209D4C /* MoviesCollectionViewCell.swift */ = {isa = PBXFileReference; fileEncoding = 4; lastKnownFileType = sourcecode.swift; path = MoviesCollectionViewCell.swift; sourceTree = "<group>"; };
		5ACDE368287D71CA00209D4C /* LottieSpinner.json */ = {isa = PBXFileReference; lastKnownFileType = text.json; path = LottieSpinner.json; sourceTree = "<group>"; };
		5ACDE36A287D755000209D4C /* MovieDetailsViewController.swift */ = {isa = PBXFileReference; lastKnownFileType = sourcecode.swift; path = MovieDetailsViewController.swift; sourceTree = "<group>"; };
		5ACDE36D287DE39100209D4C /* ProfileViewController.swift */ = {isa = PBXFileReference; lastKnownFileType = sourcecode.swift; path = ProfileViewController.swift; sourceTree = "<group>"; };
		5AE171422872DB6500202F6A /* NetworkingError.swift */ = {isa = PBXFileReference; fileEncoding = 4; lastKnownFileType = sourcecode.swift; path = NetworkingError.swift; sourceTree = "<group>"; };
		5AE171442872DB7200202F6A /* NetworkingErrorResponse.swift */ = {isa = PBXFileReference; fileEncoding = 4; lastKnownFileType = sourcecode.swift; path = NetworkingErrorResponse.swift; sourceTree = "<group>"; };
		5AE29EB02893F5980030333B /* AccountDetailsResponse.swift */ = {isa = PBXFileReference; fileEncoding = 4; lastKnownFileType = sourcecode.swift; path = AccountDetailsResponse.swift; sourceTree = "<group>"; };
		5AE29EB22893F5B50030333B /* ProfileViewModel.swift */ = {isa = PBXFileReference; fileEncoding = 4; lastKnownFileType = sourcecode.swift; path = ProfileViewModel.swift; sourceTree = "<group>"; };
		5AE29EB42893F5FC0030333B /* HomeViewModel.swift */ = {isa = PBXFileReference; fileEncoding = 4; lastKnownFileType = sourcecode.swift; path = HomeViewModel.swift; sourceTree = "<group>"; };
		5AE29EB62893F6130030333B /* DashboardViewController.swift */ = {isa = PBXFileReference; fileEncoding = 4; lastKnownFileType = sourcecode.swift; path = DashboardViewController.swift; sourceTree = "<group>"; };
		5AE29EB8289401CC0030333B /* FavoritesViewModel.swift */ = {isa = PBXFileReference; lastKnownFileType = sourcecode.swift; path = FavoritesViewModel.swift; sourceTree = "<group>"; };
		5AE521EC2897BB2B00B4EC74 /* MarkAsFavoriteResponse.swift */ = {isa = PBXFileReference; lastKnownFileType = sourcecode.swift; path = MarkAsFavoriteResponse.swift; sourceTree = "<group>"; };
		5AEE13682872E45500D539B4 /* KeychainUseCase.swift */ = {isa = PBXFileReference; lastKnownFileType = sourcecode.swift; path = KeychainUseCase.swift; sourceTree = "<group>"; };
		5AF42FAF286C4A970039174E /* UserInfoAPI.swift */ = {isa = PBXFileReference; lastKnownFileType = sourcecode.swift; path = UserInfoAPI.swift; sourceTree = "<group>"; };
		5AFAAFC52840DD5A00F11183 /* HomeViewController.swift */ = {isa = PBXFileReference; lastKnownFileType = sourcecode.swift; path = HomeViewController.swift; sourceTree = "<group>"; };
		5AFAAFC72840DD8600F11183 /* ComingSoonViewController.swift */ = {isa = PBXFileReference; lastKnownFileType = sourcecode.swift; path = ComingSoonViewController.swift; sourceTree = "<group>"; };
		5AFAAFC92840DDA300F11183 /* FavoritesViewController.swift */ = {isa = PBXFileReference; lastKnownFileType = sourcecode.swift; path = FavoritesViewController.swift; sourceTree = "<group>"; };
		5AFAAFCB2840E29E00F11183 /* OnboardingCoordinator.swift */ = {isa = PBXFileReference; lastKnownFileType = sourcecode.swift; path = OnboardingCoordinator.swift; sourceTree = "<group>"; };
		5AFEDBC5283D1CC0005DDDE0 /* .swiftlint.yml */ = {isa = PBXFileReference; lastKnownFileType = text.yaml; path = .swiftlint.yml; sourceTree = "<group>"; };
		676C725F23550612BAFD5211 /* Pods-Netflix-NetflixUITests.release.xcconfig */ = {isa = PBXFileReference; includeInIndex = 1; lastKnownFileType = text.xcconfig; name = "Pods-Netflix-NetflixUITests.release.xcconfig"; path = "Target Support Files/Pods-Netflix-NetflixUITests/Pods-Netflix-NetflixUITests.release.xcconfig"; sourceTree = "<group>"; };
		6AB499C701F0FD7DCAEAFD9F /* Pods-NetflixTests.debug.xcconfig */ = {isa = PBXFileReference; includeInIndex = 1; lastKnownFileType = text.xcconfig; name = "Pods-NetflixTests.debug.xcconfig"; path = "Target Support Files/Pods-NetflixTests/Pods-NetflixTests.debug.xcconfig"; sourceTree = "<group>"; };
		95210FD2283BA0F4003D059D /* Netflix.app */ = {isa = PBXFileReference; explicitFileType = wrapper.application; includeInIndex = 0; path = Netflix.app; sourceTree = BUILT_PRODUCTS_DIR; };
		95210FD5283BA0F4003D059D /* AppDelegate.swift */ = {isa = PBXFileReference; lastKnownFileType = sourcecode.swift; path = AppDelegate.swift; sourceTree = "<group>"; };
		95210FD7283BA0F4003D059D /* SceneDelegate.swift */ = {isa = PBXFileReference; lastKnownFileType = sourcecode.swift; path = SceneDelegate.swift; sourceTree = "<group>"; };
		95210FDE283BA0F6003D059D /* Assets.xcassets */ = {isa = PBXFileReference; lastKnownFileType = folder.assetcatalog; path = Assets.xcassets; sourceTree = "<group>"; };
		95210FE3283BA0F6003D059D /* Info.plist */ = {isa = PBXFileReference; lastKnownFileType = text.plist.xml; path = Info.plist; sourceTree = "<group>"; };
		95210FE8283BA0F7003D059D /* NetflixTests.xctest */ = {isa = PBXFileReference; explicitFileType = wrapper.cfbundle; includeInIndex = 0; path = NetflixTests.xctest; sourceTree = BUILT_PRODUCTS_DIR; };
		95210FEC283BA0F7003D059D /* NetflixTests.swift */ = {isa = PBXFileReference; lastKnownFileType = sourcecode.swift; path = NetflixTests.swift; sourceTree = "<group>"; };
		95210FF2283BA0F7003D059D /* NetflixUITests.xctest */ = {isa = PBXFileReference; explicitFileType = wrapper.cfbundle; includeInIndex = 0; path = NetflixUITests.xctest; sourceTree = BUILT_PRODUCTS_DIR; };
		95210FF6283BA0F7003D059D /* NetflixUITests.swift */ = {isa = PBXFileReference; lastKnownFileType = sourcecode.swift; path = NetflixUITests.swift; sourceTree = "<group>"; };
		95210FF8283BA0F7003D059D /* NetflixUITestsLaunchTests.swift */ = {isa = PBXFileReference; lastKnownFileType = sourcecode.swift; path = NetflixUITestsLaunchTests.swift; sourceTree = "<group>"; };
		964F9C9AE19A6A6E2599799E /* Pods-NetflixTests.release.xcconfig */ = {isa = PBXFileReference; includeInIndex = 1; lastKnownFileType = text.xcconfig; name = "Pods-NetflixTests.release.xcconfig"; path = "Target Support Files/Pods-NetflixTests/Pods-NetflixTests.release.xcconfig"; sourceTree = "<group>"; };
		AE0503B5284601000031D490 /* LoginViewModel.swift */ = {isa = PBXFileReference; fileEncoding = 4; lastKnownFileType = sourcecode.swift; path = LoginViewModel.swift; sourceTree = "<group>"; };
		AE0503B6284601000031D490 /* LoginCoordinator.swift */ = {isa = PBXFileReference; fileEncoding = 4; lastKnownFileType = sourcecode.swift; path = LoginCoordinator.swift; sourceTree = "<group>"; };
		AE0503B7284601000031D490 /* LoginViewController.swift */ = {isa = PBXFileReference; fileEncoding = 4; lastKnownFileType = sourcecode.swift; path = LoginViewController.swift; sourceTree = "<group>"; };
		CB397C7B8668F3322204CF10 /* Pods-Netflix.release.xcconfig */ = {isa = PBXFileReference; includeInIndex = 1; lastKnownFileType = text.xcconfig; name = "Pods-Netflix.release.xcconfig"; path = "Target Support Files/Pods-Netflix/Pods-Netflix.release.xcconfig"; sourceTree = "<group>"; };
		E78B5BB7DDE1A5132ACBFEC1 /* Pods_NetflixTests.framework */ = {isa = PBXFileReference; explicitFileType = wrapper.framework; includeInIndex = 0; path = Pods_NetflixTests.framework; sourceTree = BUILT_PRODUCTS_DIR; };
/* End PBXFileReference section */

/* Begin PBXFrameworksBuildPhase section */
		95210FCF283BA0F4003D059D /* Frameworks */ = {
			isa = PBXFrameworksBuildPhase;
			buildActionMask = 2147483647;
			files = (
				C37F0C1B59862851644A5615 /* Pods_Netflix.framework in Frameworks */,
			);
			runOnlyForDeploymentPostprocessing = 0;
		};
		95210FE5283BA0F7003D059D /* Frameworks */ = {
			isa = PBXFrameworksBuildPhase;
			buildActionMask = 2147483647;
			files = (
				F4A5E6BA01D3AD86994E78EC /* Pods_NetflixTests.framework in Frameworks */,
			);
			runOnlyForDeploymentPostprocessing = 0;
		};
		95210FEF283BA0F7003D059D /* Frameworks */ = {
			isa = PBXFrameworksBuildPhase;
			buildActionMask = 2147483647;
			files = (
				C719D7C79BD263322C913405 /* Pods_Netflix_NetflixUITests.framework in Frameworks */,
			);
			runOnlyForDeploymentPostprocessing = 0;
		};
/* End PBXFrameworksBuildPhase section */

/* Begin PBXGroup section */
		5A1F4F2428699E1A00765DF6 /* Networking */ = {
			isa = PBXGroup;
			children = (
				5A6DA035286C71FB002D9D3A /* ResponseModels */,
				5AF42FAF286C4A970039174E /* UserInfoAPI.swift */,
				5AE171422872DB6500202F6A /* NetworkingError.swift */,
				5AA0136B288E8491007C0E59 /* MoviesAPI.swift */,
			);
			path = Networking;
			sourceTree = "<group>";
		};
		5A2694B128ACDA5200587B81 /* Entities */ = {
			isa = PBXGroup;
			children = (
				5A98A17028AE3F0600EE4F72 /* UserEntity+CoreDataClass.swift */,
				5A98A17128AE3F0600EE4F72 /* UserEntity+CoreDataProperties.swift */,
				5A29679428AF9BE3003CEB83 /* MovieEntity+CoreDataClass.swift */,
				5A29679528AF9BE3003CEB83 /* MovieEntity+CoreDataProperties.swift */,
				5A98A18028AE4FBC00EE4F72 /* FavoriteEntity+CoreDataClass.swift */,
				5A98A18128AE4FBC00EE4F72 /* FavoriteEntity+CoreDataProperties.swift */,
				5A98A18228AE4FBC00EE4F72 /* UpcomingEntity+CoreDataClass.swift */,
				5A98A18328AE4FBC00EE4F72 /* UpcomingEntity+CoreDataProperties.swift */,
				5A98A18428AE4FBC00EE4F72 /* PopularEntity+CoreDataClass.swift */,
				5A98A18528AE4FBC00EE4F72 /* PopularEntity+CoreDataProperties.swift */,
			);
			path = Entities;
			sourceTree = "<group>";
		};
		5A29678F28AF93D3003CEB83 /* Providers */ = {
			isa = PBXGroup;
			children = (
				5A1F4F252869A87A00765DF6 /* UserInfoProvider.swift */,
				5A2CECA328B39D520035228D /* MoviesProvider.swift */,
				5AA0136F288E9471007C0E59 /* MoviesProviderAPI.swift */,
				5A29679028AF9487003CEB83 /* MoviesProviderDataBase.swift */,
				5A29679228AF96ED003CEB83 /* MoviesProviderAPIWithCache.swift */,
			);
			path = Providers;
			sourceTree = "<group>";
		};
		5A38A6CB28AB905B002BF1B6 /* CoreData */ = {
			isa = PBXGroup;
			children = (
				5A2694B128ACDA5200587B81 /* Entities */,
				5A98A16D28AE3EC300EE4F72 /* NetflixDataBase.xcdatamodeld */,
			);
			path = CoreData;
			sourceTree = "<group>";
		};
		5A3A1686289AA03900FE6D34 /* Resources */ = {
			isa = PBXGroup;
			children = (
				5A61192E283FA6EA00F4A86F /* LaunchScreen.storyboard */,
				95210FDE283BA0F6003D059D /* Assets.xcassets */,
				5A0E9861283FAFB700BACC1F /* Colors.xcassets */,
				5A71C778283E34FB00DA7B7C /* Generated */,
				5ACDE367287D717000209D4C /* Animations */,
				5AB33C0F2847AC1D0027F483 /* Fonts */,
			);
			path = Resources;
			sourceTree = "<group>";
		};
		5A6DA035286C71FB002D9D3A /* ResponseModels */ = {
			isa = PBXGroup;
			children = (
				5AE29EB02893F5980030333B /* AccountDetailsResponse.swift */,
				5A456C5328A3F97600A8B994 /* GetVideosResponse.swift */,
				5AE171442872DB7200202F6A /* NetworkingErrorResponse.swift */,
				5A6DA036286C7218002D9D3A /* AuthenticationTokenResponse.swift */,
				5A6DA038286C77AD002D9D3A /* CreateSessionResponse.swift */,
				5AA0136D288E8EA0007C0E59 /* GetLatestResponse.swift */,
				5AA01373288E98B6007C0E59 /* MovieDetailsResponse.swift */,
				5AA01375288EA50C007C0E59 /* MoviesResultsResponse.swift */,
				5AA01377288EA538007C0E59 /* MovieResponse.swift */,
				5A6666A528A29EF900232FCA /* IsFavoriteResponse.swift */,
				5AE521EC2897BB2B00B4EC74 /* MarkAsFavoriteResponse.swift */,
			);
			path = ResponseModels;
			sourceTree = "<group>";
		};
		5A71C778283E34FB00DA7B7C /* Generated */ = {
			isa = PBXGroup;
			children = (
				5A71C779283E35EB00DA7B7C /* XCAssets+Generated.swift */,
				5A80551F284DD4EB00B1FF5B /* Fonts+Generated.swift */,
			);
			path = Generated;
			sourceTree = "<group>";
		};
		5A71C77F283E45DF00DA7B7C /* Onboarding */ = {
			isa = PBXGroup;
			children = (
				5AFAAFCB2840E29E00F11183 /* OnboardingCoordinator.swift */,
				5A3DE84A28883E1C001B7080 /* OnboardingViewModel.swift */,
				5A71C780283E462D00DA7B7C /* OnboardingViewController.swift */,
				5A51276B2840D01C00694205 /* FirstPageViewController.swift */,
				5A51276D2840D05500694205 /* SecondPageViewController.swift */,
			);
			path = Onboarding;
			sourceTree = "<group>";
		};
		5A736D25288030140031CC10 /* Base */ = {
			isa = PBXGroup;
			children = (
				95210FD5283BA0F4003D059D /* AppDelegate.swift */,
				5A2CECA528B3A9350035228D /* NetworkMonitor.swift */,
				5A98A19028AE784E00EE4F72 /* CoreDataManager.swift */,
				95210FD7283BA0F4003D059D /* SceneDelegate.swift */,
				5A736D232880279A0031CC10 /* AppCoordinator.swift */,
				5A736D26288030370031CC10 /* Coordinator.swift */,
				5A6778E32889586E0005A9C0 /* ViewModel.swift */,
			);
			path = Base;
			sourceTree = "<group>";
		};
		5A736D322880B1360031CC10 /* MovieDetails */ = {
			isa = PBXGroup;
			children = (
				5A736D332880B15C0031CC10 /* MovieDetailsCoordinator.swift */,
				5A2F509C2892BD4E0074524E /* MovieDetailsViewModel.swift */,
				5ACDE36A287D755000209D4C /* MovieDetailsViewController.swift */,
			);
			path = MovieDetails;
			sourceTree = "<group>";
		};
		5AB33C0F2847AC1D0027F483 /* Fonts */ = {
			isa = PBXGroup;
			children = (
				5A80551D284DD48600B1FF5B /* Mansalva-Regular.ttf */,
			);
			path = Fonts;
			sourceTree = "<group>";
		};
		5ABCB09328A6378500F49FED /* Models */ = {
			isa = PBXGroup;
			children = (
				5A07C7A128698FE300669682 /* User.swift */,
				5A6666A728A29F2400232FCA /* AccountDetails.swift */,
				5A1DC38F2897F9420070F25B /* Movie.swift */,
				5A6666AB28A2A3ED00232FCA /* LatestMovie.swift */,
				5A849AC6289915450082B83C /* MovieDetails.swift */,
			);
			path = Models;
			sourceTree = "<group>";
		};
		5ACDE367287D717000209D4C /* Animations */ = {
			isa = PBXGroup;
			children = (
				5ACDE368287D71CA00209D4C /* LottieSpinner.json */,
			);
			path = Animations;
			sourceTree = "<group>";
		};
		5ACDE36C287DE37000209D4C /* Profile */ = {
			isa = PBXGroup;
			children = (
				5A736D302880AD270031CC10 /* ProfileCoordinator.swift */,
				5AE29EB22893F5B50030333B /* ProfileViewModel.swift */,
				5ACDE36D287DE39100209D4C /* ProfileViewController.swift */,
			);
			path = Profile;
			sourceTree = "<group>";
		};
		5AEE13672872E42900D539B4 /* UseCases */ = {
			isa = PBXGroup;
			children = (
				5AEE13682872E45500D539B4 /* KeychainUseCase.swift */,
				5A26953928ACF42500587B81 /* LocalDataSourceUseCase.swift */,
			);
			path = UseCases;
			sourceTree = "<group>";
		};
		5AFAAFC22840DB5400F11183 /* Dashboard */ = {
			isa = PBXGroup;
			children = (
				5AFAAFCD2840E44B00F11183 /* Home */,
				5AFAAFCE2840E45300F11183 /* ComingSoon */,
				5AFAAFCF2840E45E00F11183 /* Favorites */,
				5A736D2828806D6F0031CC10 /* DashboardCoordinator.swift */,
				5AE29EB62893F6130030333B /* DashboardViewController.swift */,
			);
			path = Dashboard;
			sourceTree = "<group>";
		};
		5AFAAFCD2840E44B00F11183 /* Home */ = {
			isa = PBXGroup;
			children = (
				5A736D2A2880AA1B0031CC10 /* HomeCoordinator.swift */,
				5AE29EB42893F5FC0030333B /* HomeViewModel.swift */,
				5AFAAFC52840DD5A00F11183 /* HomeViewController.swift */,
				5AB33C0D28479B240027F483 /* HomeCollectionViewCell.swift */,
				5ABCB09428A6385F00F49FED /* HeadMovieCoverView.swift */,
			);
			path = Home;
			sourceTree = "<group>";
		};
		5AFAAFCE2840E45300F11183 /* ComingSoon */ = {
			isa = PBXGroup;
			children = (
				5A736D2C2880AA960031CC10 /* ComingSoonCoordinator.swift */,
				5A849AC828991A550082B83C /* ComingSoonViewModel.swift */,
				5AFAAFC72840DD8600F11183 /* ComingSoonViewController.swift */,
				5ACDE364287D6EBD00209D4C /* MoviesCollectionViewCell.swift */,
			);
			path = ComingSoon;
			sourceTree = "<group>";
		};
		5AFAAFCF2840E45E00F11183 /* Favorites */ = {
			isa = PBXGroup;
			children = (
				5A736D2E2880AAB60031CC10 /* FavoritesCoordinator.swift */,
				5AE29EB8289401CC0030333B /* FavoritesViewModel.swift */,
				5AFAAFC92840DDA300F11183 /* FavoritesViewController.swift */,
				5AA483CF287C64B70051D9A9 /* FavoritesTableViewCell.swift */,
			);
			path = Favorites;
			sourceTree = "<group>";
		};
		5AFEDBD3283D4688005DDDE0 /* Screens */ = {
			isa = PBXGroup;
			children = (
				5A736D322880B1360031CC10 /* MovieDetails */,
				5ACDE36C287DE37000209D4C /* Profile */,
				AE0503B4284601000031D490 /* Login */,
				5AFAAFC22840DB5400F11183 /* Dashboard */,
				5A71C77F283E45DF00DA7B7C /* Onboarding */,
				5AFEDBD4283D469E005DDDE0 /* Splash */,
			);
			path = Screens;
			sourceTree = "<group>";
		};
		5AFEDBD4283D469E005DDDE0 /* Splash */ = {
			isa = PBXGroup;
			children = (
				5AB8CEBB283D470A0040C56A /* SplashCoordinator.swift */,
				5AB8CEB9283D46F50040C56A /* SplashViewModel.swift */,
				5AB8CEB7283D46EB0040C56A /* SplashViewController.swift */,
			);
			path = Splash;
			sourceTree = "<group>";
		};
		95210FC9283BA0F4003D059D = {
			isa = PBXGroup;
			children = (
				5A31D908283E138D006AEEAA /* swiftgen.yml */,
				5AFEDBC5283D1CC0005DDDE0 /* .swiftlint.yml */,
				95210FD4283BA0F4003D059D /* Netflix */,
				95210FEB283BA0F7003D059D /* NetflixTests */,
				95210FF5283BA0F7003D059D /* NetflixUITests */,
				95210FD3283BA0F4003D059D /* Products */,
				EBF1AAAE5FEC4CEF2578E0BC /* Pods */,
				9FDC5403690FC4E778358A86 /* Frameworks */,
			);
			sourceTree = "<group>";
		};
		95210FD3283BA0F4003D059D /* Products */ = {
			isa = PBXGroup;
			children = (
				95210FD2283BA0F4003D059D /* Netflix.app */,
				95210FE8283BA0F7003D059D /* NetflixTests.xctest */,
				95210FF2283BA0F7003D059D /* NetflixUITests.xctest */,
			);
			name = Products;
			sourceTree = "<group>";
		};
		95210FD4283BA0F4003D059D /* Netflix */ = {
			isa = PBXGroup;
			children = (
				5A29678F28AF93D3003CEB83 /* Providers */,
				5A38A6CB28AB905B002BF1B6 /* CoreData */,
				5A3A1686289AA03900FE6D34 /* Resources */,
				5A736D25288030140031CC10 /* Base */,
				5ABCB09328A6378500F49FED /* Models */,
				5AEE13672872E42900D539B4 /* UseCases */,
				5A1F4F2428699E1A00765DF6 /* Networking */,
				5AFEDBD3283D4688005DDDE0 /* Screens */,
				95210FE3283BA0F6003D059D /* Info.plist */,
			);
			path = Netflix;
			sourceTree = "<group>";
		};
		95210FEB283BA0F7003D059D /* NetflixTests */ = {
			isa = PBXGroup;
			children = (
				95210FEC283BA0F7003D059D /* NetflixTests.swift */,
			);
			path = NetflixTests;
			sourceTree = "<group>";
		};
		95210FF5283BA0F7003D059D /* NetflixUITests */ = {
			isa = PBXGroup;
			children = (
				95210FF6283BA0F7003D059D /* NetflixUITests.swift */,
				95210FF8283BA0F7003D059D /* NetflixUITestsLaunchTests.swift */,
			);
			path = NetflixUITests;
			sourceTree = "<group>";
		};
		9FDC5403690FC4E778358A86 /* Frameworks */ = {
			isa = PBXGroup;
			children = (
				13D24F2AD85E24954329BEDF /* Pods_Netflix.framework */,
				58D10686B668806F7C4D3E12 /* Pods_Netflix_NetflixUITests.framework */,
				E78B5BB7DDE1A5132ACBFEC1 /* Pods_NetflixTests.framework */,
			);
			name = Frameworks;
			sourceTree = "<group>";
		};
		AE0503B4284601000031D490 /* Login */ = {
			isa = PBXGroup;
			children = (
				AE0503B5284601000031D490 /* LoginViewModel.swift */,
				AE0503B6284601000031D490 /* LoginCoordinator.swift */,
				AE0503B7284601000031D490 /* LoginViewController.swift */,
			);
			path = Login;
			sourceTree = "<group>";
		};
		EBF1AAAE5FEC4CEF2578E0BC /* Pods */ = {
			isa = PBXGroup;
			children = (
				373CE02B96CDED666DE3D747 /* Pods-Netflix.debug.xcconfig */,
				CB397C7B8668F3322204CF10 /* Pods-Netflix.release.xcconfig */,
				2BBE7AD9C2A2E1519A1D376A /* Pods-Netflix-NetflixUITests.debug.xcconfig */,
				676C725F23550612BAFD5211 /* Pods-Netflix-NetflixUITests.release.xcconfig */,
				6AB499C701F0FD7DCAEAFD9F /* Pods-NetflixTests.debug.xcconfig */,
				964F9C9AE19A6A6E2599799E /* Pods-NetflixTests.release.xcconfig */,
			);
			path = Pods;
			sourceTree = "<group>";
		};
/* End PBXGroup section */

/* Begin PBXNativeTarget section */
		95210FD1283BA0F4003D059D /* Netflix */ = {
			isa = PBXNativeTarget;
			buildConfigurationList = 95210FFC283BA0F7003D059D /* Build configuration list for PBXNativeTarget "Netflix" */;
			buildPhases = (
				11785444C02C0EBFD48B68B3 /* [CP] Check Pods Manifest.lock */,
				5AFEDBC2283D18BC005DDDE0 /* SwiftGen */,
				5AFEDBBF283CDA1F005DDDE0 /* SwiftLint */,
				95210FCE283BA0F4003D059D /* Sources */,
				95210FCF283BA0F4003D059D /* Frameworks */,
				95210FD0283BA0F4003D059D /* Resources */,
				496D0A388538B8C1D6C6B908 /* [CP] Embed Pods Frameworks */,
			);
			buildRules = (
			);
			dependencies = (
			);
			name = Netflix;
			productName = Netflix;
			productReference = 95210FD2283BA0F4003D059D /* Netflix.app */;
			productType = "com.apple.product-type.application";
		};
		95210FE7283BA0F7003D059D /* NetflixTests */ = {
			isa = PBXNativeTarget;
			buildConfigurationList = 95210FFF283BA0F7003D059D /* Build configuration list for PBXNativeTarget "NetflixTests" */;
			buildPhases = (
				72C5F2E361408B88B517C9C7 /* [CP] Check Pods Manifest.lock */,
				95210FE4283BA0F7003D059D /* Sources */,
				95210FE5283BA0F7003D059D /* Frameworks */,
				95210FE6283BA0F7003D059D /* Resources */,
			);
			buildRules = (
			);
			dependencies = (
				95210FEA283BA0F7003D059D /* PBXTargetDependency */,
			);
			name = NetflixTests;
			productName = NetflixTests;
			productReference = 95210FE8283BA0F7003D059D /* NetflixTests.xctest */;
			productType = "com.apple.product-type.bundle.unit-test";
		};
		95210FF1283BA0F7003D059D /* NetflixUITests */ = {
			isa = PBXNativeTarget;
			buildConfigurationList = 95211002283BA0F7003D059D /* Build configuration list for PBXNativeTarget "NetflixUITests" */;
			buildPhases = (
				44A846B781760D891B8BD385 /* [CP] Check Pods Manifest.lock */,
				95210FEE283BA0F7003D059D /* Sources */,
				95210FEF283BA0F7003D059D /* Frameworks */,
				95210FF0283BA0F7003D059D /* Resources */,
				6FB021403B98D61843711F51 /* [CP] Embed Pods Frameworks */,
			);
			buildRules = (
			);
			dependencies = (
				95210FF4283BA0F7003D059D /* PBXTargetDependency */,
			);
			name = NetflixUITests;
			productName = NetflixUITests;
			productReference = 95210FF2283BA0F7003D059D /* NetflixUITests.xctest */;
			productType = "com.apple.product-type.bundle.ui-testing";
		};
/* End PBXNativeTarget section */

/* Begin PBXProject section */
		95210FCA283BA0F4003D059D /* Project object */ = {
			isa = PBXProject;
			attributes = {
				BuildIndependentTargetsInParallel = 1;
				LastSwiftUpdateCheck = 1340;
				LastUpgradeCheck = 1340;
				TargetAttributes = {
					95210FD1283BA0F4003D059D = {
						CreatedOnToolsVersion = 13.4;
					};
					95210FE7283BA0F7003D059D = {
						CreatedOnToolsVersion = 13.4;
						TestTargetID = 95210FD1283BA0F4003D059D;
					};
					95210FF1283BA0F7003D059D = {
						CreatedOnToolsVersion = 13.4;
						TestTargetID = 95210FD1283BA0F4003D059D;
					};
				};
			};
			buildConfigurationList = 95210FCD283BA0F4003D059D /* Build configuration list for PBXProject "Netflix" */;
			compatibilityVersion = "Xcode 13.0";
			developmentRegion = en;
			hasScannedForEncodings = 0;
			knownRegions = (
				en,
				Base,
			);
			mainGroup = 95210FC9283BA0F4003D059D;
			productRefGroup = 95210FD3283BA0F4003D059D /* Products */;
			projectDirPath = "";
			projectRoot = "";
			targets = (
				95210FD1283BA0F4003D059D /* Netflix */,
				95210FE7283BA0F7003D059D /* NetflixTests */,
				95210FF1283BA0F7003D059D /* NetflixUITests */,
			);
		};
/* End PBXProject section */

/* Begin PBXResourcesBuildPhase section */
		95210FD0283BA0F4003D059D /* Resources */ = {
			isa = PBXResourcesBuildPhase;
			buildActionMask = 2147483647;
			files = (
				5A80551E284DD48600B1FF5B /* Mansalva-Regular.ttf in Resources */,
				5A0E9862283FAFB700BACC1F /* Colors.xcassets in Resources */,
				5ACDE369287D71CA00209D4C /* LottieSpinner.json in Resources */,
				5AFEDBC6283D1CC0005DDDE0 /* .swiftlint.yml in Resources */,
				5A61192F283FA6EA00F4A86F /* LaunchScreen.storyboard in Resources */,
				5A31D909283E138D006AEEAA /* swiftgen.yml in Resources */,
				95210FDF283BA0F6003D059D /* Assets.xcassets in Resources */,
			);
			runOnlyForDeploymentPostprocessing = 0;
		};
		95210FE6283BA0F7003D059D /* Resources */ = {
			isa = PBXResourcesBuildPhase;
			buildActionMask = 2147483647;
			files = (
			);
			runOnlyForDeploymentPostprocessing = 0;
		};
		95210FF0283BA0F7003D059D /* Resources */ = {
			isa = PBXResourcesBuildPhase;
			buildActionMask = 2147483647;
			files = (
			);
			runOnlyForDeploymentPostprocessing = 0;
		};
/* End PBXResourcesBuildPhase section */

/* Begin PBXShellScriptBuildPhase section */
		11785444C02C0EBFD48B68B3 /* [CP] Check Pods Manifest.lock */ = {
			isa = PBXShellScriptBuildPhase;
			buildActionMask = 2147483647;
			files = (
			);
			inputFileListPaths = (
			);
			inputPaths = (
				"${PODS_PODFILE_DIR_PATH}/Podfile.lock",
				"${PODS_ROOT}/Manifest.lock",
			);
			name = "[CP] Check Pods Manifest.lock";
			outputFileListPaths = (
			);
			outputPaths = (
				"$(DERIVED_FILE_DIR)/Pods-Netflix-checkManifestLockResult.txt",
			);
			runOnlyForDeploymentPostprocessing = 0;
			shellPath = /bin/sh;
			shellScript = "diff \"${PODS_PODFILE_DIR_PATH}/Podfile.lock\" \"${PODS_ROOT}/Manifest.lock\" > /dev/null\nif [ $? != 0 ] ; then\n    # print error to STDERR\n    echo \"error: The sandbox is not in sync with the Podfile.lock. Run 'pod install' or update your CocoaPods installation.\" >&2\n    exit 1\nfi\n# This output is used by Xcode 'outputs' to avoid re-running this script phase.\necho \"SUCCESS\" > \"${SCRIPT_OUTPUT_FILE_0}\"\n";
			showEnvVarsInLog = 0;
		};
		44A846B781760D891B8BD385 /* [CP] Check Pods Manifest.lock */ = {
			isa = PBXShellScriptBuildPhase;
			buildActionMask = 2147483647;
			files = (
			);
			inputFileListPaths = (
			);
			inputPaths = (
				"${PODS_PODFILE_DIR_PATH}/Podfile.lock",
				"${PODS_ROOT}/Manifest.lock",
			);
			name = "[CP] Check Pods Manifest.lock";
			outputFileListPaths = (
			);
			outputPaths = (
				"$(DERIVED_FILE_DIR)/Pods-Netflix-NetflixUITests-checkManifestLockResult.txt",
			);
			runOnlyForDeploymentPostprocessing = 0;
			shellPath = /bin/sh;
			shellScript = "diff \"${PODS_PODFILE_DIR_PATH}/Podfile.lock\" \"${PODS_ROOT}/Manifest.lock\" > /dev/null\nif [ $? != 0 ] ; then\n    # print error to STDERR\n    echo \"error: The sandbox is not in sync with the Podfile.lock. Run 'pod install' or update your CocoaPods installation.\" >&2\n    exit 1\nfi\n# This output is used by Xcode 'outputs' to avoid re-running this script phase.\necho \"SUCCESS\" > \"${SCRIPT_OUTPUT_FILE_0}\"\n";
			showEnvVarsInLog = 0;
		};
		496D0A388538B8C1D6C6B908 /* [CP] Embed Pods Frameworks */ = {
			isa = PBXShellScriptBuildPhase;
			buildActionMask = 2147483647;
			files = (
			);
			inputFileListPaths = (
				"${PODS_ROOT}/Target Support Files/Pods-Netflix/Pods-Netflix-frameworks-${CONFIGURATION}-input-files.xcfilelist",
			);
			name = "[CP] Embed Pods Frameworks";
			outputFileListPaths = (
				"${PODS_ROOT}/Target Support Files/Pods-Netflix/Pods-Netflix-frameworks-${CONFIGURATION}-output-files.xcfilelist",
			);
			runOnlyForDeploymentPostprocessing = 0;
			shellPath = /bin/sh;
			shellScript = "\"${PODS_ROOT}/Target Support Files/Pods-Netflix/Pods-Netflix-frameworks.sh\"\n";
			showEnvVarsInLog = 0;
		};
		5AFEDBBF283CDA1F005DDDE0 /* SwiftLint */ = {
			isa = PBXShellScriptBuildPhase;
			buildActionMask = 2147483647;
			files = (
			);
			inputFileListPaths = (
			);
			inputPaths = (
			);
			name = SwiftLint;
			outputFileListPaths = (
			);
			outputPaths = (
			);
			runOnlyForDeploymentPostprocessing = 0;
			shellPath = /bin/sh;
			shellScript = "if which swiftlint >/dev/null; then\n  swiftlint\nelse\n  echo \"warning: SwiftLint not installed, download from https://github.com/realm/SwiftLint\"\nfi\n";
		};
		5AFEDBC2283D18BC005DDDE0 /* SwiftGen */ = {
			isa = PBXShellScriptBuildPhase;
			buildActionMask = 2147483647;
			files = (
			);
			inputFileListPaths = (
			);
			inputPaths = (
			);
			name = SwiftGen;
			outputFileListPaths = (
			);
			outputPaths = (
			);
			runOnlyForDeploymentPostprocessing = 0;
			shellPath = /bin/sh;
			shellScript = "if [[ -f \"${PODS_ROOT}/SwiftGen/bin/swiftgen\" ]]; then\n  \"${PODS_ROOT}/SwiftGen/bin/swiftgen\"\nelse\n  echo \"warning: SwiftGen is not installed. Run 'pod install --repo-update' to install it.\"\nfi\n";
		};
		6FB021403B98D61843711F51 /* [CP] Embed Pods Frameworks */ = {
			isa = PBXShellScriptBuildPhase;
			buildActionMask = 2147483647;
			files = (
			);
			inputFileListPaths = (
				"${PODS_ROOT}/Target Support Files/Pods-Netflix-NetflixUITests/Pods-Netflix-NetflixUITests-frameworks-${CONFIGURATION}-input-files.xcfilelist",
			);
			name = "[CP] Embed Pods Frameworks";
			outputFileListPaths = (
				"${PODS_ROOT}/Target Support Files/Pods-Netflix-NetflixUITests/Pods-Netflix-NetflixUITests-frameworks-${CONFIGURATION}-output-files.xcfilelist",
			);
			runOnlyForDeploymentPostprocessing = 0;
			shellPath = /bin/sh;
			shellScript = "\"${PODS_ROOT}/Target Support Files/Pods-Netflix-NetflixUITests/Pods-Netflix-NetflixUITests-frameworks.sh\"\n";
			showEnvVarsInLog = 0;
		};
		72C5F2E361408B88B517C9C7 /* [CP] Check Pods Manifest.lock */ = {
			isa = PBXShellScriptBuildPhase;
			buildActionMask = 2147483647;
			files = (
			);
			inputFileListPaths = (
			);
			inputPaths = (
				"${PODS_PODFILE_DIR_PATH}/Podfile.lock",
				"${PODS_ROOT}/Manifest.lock",
			);
			name = "[CP] Check Pods Manifest.lock";
			outputFileListPaths = (
			);
			outputPaths = (
				"$(DERIVED_FILE_DIR)/Pods-NetflixTests-checkManifestLockResult.txt",
			);
			runOnlyForDeploymentPostprocessing = 0;
			shellPath = /bin/sh;
			shellScript = "diff \"${PODS_PODFILE_DIR_PATH}/Podfile.lock\" \"${PODS_ROOT}/Manifest.lock\" > /dev/null\nif [ $? != 0 ] ; then\n    # print error to STDERR\n    echo \"error: The sandbox is not in sync with the Podfile.lock. Run 'pod install' or update your CocoaPods installation.\" >&2\n    exit 1\nfi\n# This output is used by Xcode 'outputs' to avoid re-running this script phase.\necho \"SUCCESS\" > \"${SCRIPT_OUTPUT_FILE_0}\"\n";
			showEnvVarsInLog = 0;
		};
/* End PBXShellScriptBuildPhase section */

/* Begin PBXSourcesBuildPhase section */
		95210FCE283BA0F4003D059D /* Sources */ = {
			isa = PBXSourcesBuildPhase;
			buildActionMask = 2147483647;
			files = (
				5ACDE366287D6EBD00209D4C /* MoviesCollectionViewCell.swift in Sources */,
				5AE29EB72893F6130030333B /* DashboardViewController.swift in Sources */,
				AE0503BA284601000031D490 /* LoginViewController.swift in Sources */,
				AE0503B9284601000031D490 /* LoginCoordinator.swift in Sources */,
				5AA0136E288E8EA0007C0E59 /* GetLatestResponse.swift in Sources */,
				5AB8CEBA283D46F50040C56A /* SplashViewModel.swift in Sources */,
				5A805520284DD4EB00B1FF5B /* Fonts+Generated.swift in Sources */,
				5A456C5428A3F97600A8B994 /* GetVideosResponse.swift in Sources */,
				5A1F4F262869A87A00765DF6 /* UserInfoProvider.swift in Sources */,
				5AFAAFC82840DD8600F11183 /* ComingSoonViewController.swift in Sources */,
				5A2F509D2892BD4E0074524E /* MovieDetailsViewModel.swift in Sources */,
				5A29679728AF9BE3003CEB83 /* MovieEntity+CoreDataProperties.swift in Sources */,
				5AFAAFCA2840DDA300F11183 /* FavoritesViewController.swift in Sources */,
				5AE29EB32893F5B50030333B /* ProfileViewModel.swift in Sources */,
				5A26953A28ACF42500587B81 /* LocalDataSourceUseCase.swift in Sources */,
				5A736D2B2880AA1B0031CC10 /* HomeCoordinator.swift in Sources */,
				5A736D2F2880AAB60031CC10 /* FavoritesCoordinator.swift in Sources */,
				AE0503B8284601000031D490 /* LoginViewModel.swift in Sources */,
				5AEE13692872E45500D539B4 /* KeychainUseCase.swift in Sources */,
				5AE29EB52893F5FC0030333B /* HomeViewModel.swift in Sources */,
				5AA01378288EA538007C0E59 /* MovieResponse.swift in Sources */,
				5AA01374288E98B6007C0E59 /* MovieDetailsResponse.swift in Sources */,
				5A6778E42889586E0005A9C0 /* ViewModel.swift in Sources */,
				5AFAAFCC2840E29E00F11183 /* OnboardingCoordinator.swift in Sources */,
				5ABCB09528A6385F00F49FED /* HeadMovieCoverView.swift in Sources */,
				5A98A18A28AE4FBC00EE4F72 /* PopularEntity+CoreDataClass.swift in Sources */,
				5A98A19128AE784E00EE4F72 /* CoreDataManager.swift in Sources */,
				95210FD6283BA0F4003D059D /* AppDelegate.swift in Sources */,
				5A07C7A228698FE300669682 /* User.swift in Sources */,
				5A736D27288030370031CC10 /* Coordinator.swift in Sources */,
				5A71C781283E462D00DA7B7C /* OnboardingViewController.swift in Sources */,
				5A6666A828A29F2400232FCA /* AccountDetails.swift in Sources */,
				5ACDE36B287D755000209D4C /* MovieDetailsViewController.swift in Sources */,
				5A3DE84B28883E1C001B7080 /* OnboardingViewModel.swift in Sources */,
				5AE171452872DB7200202F6A /* NetworkingErrorResponse.swift in Sources */,
				5A98A18928AE4FBC00EE4F72 /* UpcomingEntity+CoreDataProperties.swift in Sources */,
				5A736D2928806D6F0031CC10 /* DashboardCoordinator.swift in Sources */,
				5A98A16F28AE3EC300EE4F72 /* NetflixDataBase.xcdatamodeld in Sources */,
				5A736D312880AD270031CC10 /* ProfileCoordinator.swift in Sources */,
				5AA01370288E9471007C0E59 /* MoviesProviderAPI.swift in Sources */,
				5A98A18B28AE4FBC00EE4F72 /* PopularEntity+CoreDataProperties.swift in Sources */,
				5A736D342880B15C0031CC10 /* MovieDetailsCoordinator.swift in Sources */,
				5A736D2D2880AA960031CC10 /* ComingSoonCoordinator.swift in Sources */,
				5AE171432872DB6500202F6A /* NetworkingError.swift in Sources */,
				5AB33C0E28479B240027F483 /* HomeCollectionViewCell.swift in Sources */,
				5AB8CEBC283D470A0040C56A /* SplashCoordinator.swift in Sources */,
				5AE521ED2897BB2B00B4EC74 /* MarkAsFavoriteResponse.swift in Sources */,
				5A1DC3902897F9420070F25B /* Movie.swift in Sources */,
				5AA483D0287C64B70051D9A9 /* FavoritesTableViewCell.swift in Sources */,
				5A98A18828AE4FBC00EE4F72 /* UpcomingEntity+CoreDataClass.swift in Sources */,
				5A6DA037286C7218002D9D3A /* AuthenticationTokenResponse.swift in Sources */,
				5A736D242880279A0031CC10 /* AppCoordinator.swift in Sources */,
				5A6DA039286C77AD002D9D3A /* CreateSessionResponse.swift in Sources */,
				5AE29EB12893F5990030333B /* AccountDetailsResponse.swift in Sources */,
				95210FD8283BA0F4003D059D /* SceneDelegate.swift in Sources */,
				5A6666A628A29EF900232FCA /* IsFavoriteResponse.swift in Sources */,
				5A2CECA428B39D520035228D /* MoviesProvider.swift in Sources */,
				5AF42FB0286C4A970039174E /* UserInfoAPI.swift in Sources */,
				5AE29EB9289401CC0030333B /* FavoritesViewModel.swift in Sources */,
				5A51276C2840D01C00694205 /* FirstPageViewController.swift in Sources */,
				5A98A18628AE4FBC00EE4F72 /* FavoriteEntity+CoreDataClass.swift in Sources */,
				5A2CECA628B3A9350035228D /* NetworkMonitor.swift in Sources */,
				5A98A17928AE3F0600EE4F72 /* UserEntity+CoreDataProperties.swift in Sources */,
				5A71C77A283E35EB00DA7B7C /* XCAssets+Generated.swift in Sources */,
				5AA01376288EA50C007C0E59 /* MoviesResultsResponse.swift in Sources */,
				5AB8CEB8283D46EB0040C56A /* SplashViewController.swift in Sources */,
				5A29679128AF9487003CEB83 /* MoviesProviderDataBase.swift in Sources */,
				5A29679328AF96ED003CEB83 /* MoviesProviderAPIWithCache.swift in Sources */,
				5A51276E2840D05500694205 /* SecondPageViewController.swift in Sources */,
				5A29679628AF9BE3003CEB83 /* MovieEntity+CoreDataClass.swift in Sources */,
				5A98A17828AE3F0600EE4F72 /* UserEntity+CoreDataClass.swift in Sources */,
				5A6666AC28A2A3ED00232FCA /* LatestMovie.swift in Sources */,
				5ACDE36E287DE39100209D4C /* ProfileViewController.swift in Sources */,
				5A98A18728AE4FBC00EE4F72 /* FavoriteEntity+CoreDataProperties.swift in Sources */,
				5AFAAFC62840DD5A00F11183 /* HomeViewController.swift in Sources */,
				5A849AC7289915450082B83C /* MovieDetails.swift in Sources */,
				5AA0136C288E8491007C0E59 /* MoviesAPI.swift in Sources */,
				5A849AC928991A550082B83C /* ComingSoonViewModel.swift in Sources */,
			);
			runOnlyForDeploymentPostprocessing = 0;
		};
		95210FE4283BA0F7003D059D /* Sources */ = {
			isa = PBXSourcesBuildPhase;
			buildActionMask = 2147483647;
			files = (
				95210FED283BA0F7003D059D /* NetflixTests.swift in Sources */,
			);
			runOnlyForDeploymentPostprocessing = 0;
		};
		95210FEE283BA0F7003D059D /* Sources */ = {
			isa = PBXSourcesBuildPhase;
			buildActionMask = 2147483647;
			files = (
				95210FF7283BA0F7003D059D /* NetflixUITests.swift in Sources */,
				95210FF9283BA0F7003D059D /* NetflixUITestsLaunchTests.swift in Sources */,
			);
			runOnlyForDeploymentPostprocessing = 0;
		};
/* End PBXSourcesBuildPhase section */

/* Begin PBXTargetDependency section */
		95210FEA283BA0F7003D059D /* PBXTargetDependency */ = {
			isa = PBXTargetDependency;
			target = 95210FD1283BA0F4003D059D /* Netflix */;
			targetProxy = 95210FE9283BA0F7003D059D /* PBXContainerItemProxy */;
		};
		95210FF4283BA0F7003D059D /* PBXTargetDependency */ = {
			isa = PBXTargetDependency;
			target = 95210FD1283BA0F4003D059D /* Netflix */;
			targetProxy = 95210FF3283BA0F7003D059D /* PBXContainerItemProxy */;
		};
/* End PBXTargetDependency section */

/* Begin XCBuildConfiguration section */
		95210FFA283BA0F7003D059D /* Debug */ = {
			isa = XCBuildConfiguration;
			buildSettings = {
				ALWAYS_SEARCH_USER_PATHS = NO;
				CLANG_ANALYZER_NONNULL = YES;
				CLANG_ANALYZER_NUMBER_OBJECT_CONVERSION = YES_AGGRESSIVE;
				CLANG_CXX_LANGUAGE_STANDARD = "gnu++17";
				CLANG_ENABLE_MODULES = YES;
				CLANG_ENABLE_OBJC_ARC = YES;
				CLANG_ENABLE_OBJC_WEAK = YES;
				CLANG_WARN_BLOCK_CAPTURE_AUTORELEASING = YES;
				CLANG_WARN_BOOL_CONVERSION = YES;
				CLANG_WARN_COMMA = YES;
				CLANG_WARN_CONSTANT_CONVERSION = YES;
				CLANG_WARN_DEPRECATED_OBJC_IMPLEMENTATIONS = YES;
				CLANG_WARN_DIRECT_OBJC_ISA_USAGE = YES_ERROR;
				CLANG_WARN_DOCUMENTATION_COMMENTS = YES;
				CLANG_WARN_EMPTY_BODY = YES;
				CLANG_WARN_ENUM_CONVERSION = YES;
				CLANG_WARN_INFINITE_RECURSION = YES;
				CLANG_WARN_INT_CONVERSION = YES;
				CLANG_WARN_NON_LITERAL_NULL_CONVERSION = YES;
				CLANG_WARN_OBJC_IMPLICIT_RETAIN_SELF = YES;
				CLANG_WARN_OBJC_LITERAL_CONVERSION = YES;
				CLANG_WARN_OBJC_ROOT_CLASS = YES_ERROR;
				CLANG_WARN_QUOTED_INCLUDE_IN_FRAMEWORK_HEADER = YES;
				CLANG_WARN_RANGE_LOOP_ANALYSIS = YES;
				CLANG_WARN_STRICT_PROTOTYPES = YES;
				CLANG_WARN_SUSPICIOUS_MOVE = YES;
				CLANG_WARN_UNGUARDED_AVAILABILITY = YES_AGGRESSIVE;
				CLANG_WARN_UNREACHABLE_CODE = YES;
				CLANG_WARN__DUPLICATE_METHOD_MATCH = YES;
				COPY_PHASE_STRIP = NO;
				DEBUG_INFORMATION_FORMAT = dwarf;
				ENABLE_STRICT_OBJC_MSGSEND = YES;
				ENABLE_TESTABILITY = YES;
				GCC_C_LANGUAGE_STANDARD = gnu11;
				GCC_DYNAMIC_NO_PIC = NO;
				GCC_NO_COMMON_BLOCKS = YES;
				GCC_OPTIMIZATION_LEVEL = 0;
				GCC_PREPROCESSOR_DEFINITIONS = (
					"DEBUG=1",
					"$(inherited)",
				);
				GCC_WARN_64_TO_32_BIT_CONVERSION = YES;
				GCC_WARN_ABOUT_RETURN_TYPE = YES_ERROR;
				GCC_WARN_UNDECLARED_SELECTOR = YES;
				GCC_WARN_UNINITIALIZED_AUTOS = YES_AGGRESSIVE;
				GCC_WARN_UNUSED_FUNCTION = YES;
				GCC_WARN_UNUSED_VARIABLE = YES;
				IPHONEOS_DEPLOYMENT_TARGET = 15.5;
				MTL_ENABLE_DEBUG_INFO = INCLUDE_SOURCE;
				MTL_FAST_MATH = YES;
				ONLY_ACTIVE_ARCH = YES;
				SDKROOT = iphoneos;
				SWIFT_ACTIVE_COMPILATION_CONDITIONS = DEBUG;
				SWIFT_OPTIMIZATION_LEVEL = "-Onone";
			};
			name = Debug;
		};
		95210FFB283BA0F7003D059D /* Release */ = {
			isa = XCBuildConfiguration;
			buildSettings = {
				ALWAYS_SEARCH_USER_PATHS = NO;
				CLANG_ANALYZER_NONNULL = YES;
				CLANG_ANALYZER_NUMBER_OBJECT_CONVERSION = YES_AGGRESSIVE;
				CLANG_CXX_LANGUAGE_STANDARD = "gnu++17";
				CLANG_ENABLE_MODULES = YES;
				CLANG_ENABLE_OBJC_ARC = YES;
				CLANG_ENABLE_OBJC_WEAK = YES;
				CLANG_WARN_BLOCK_CAPTURE_AUTORELEASING = YES;
				CLANG_WARN_BOOL_CONVERSION = YES;
				CLANG_WARN_COMMA = YES;
				CLANG_WARN_CONSTANT_CONVERSION = YES;
				CLANG_WARN_DEPRECATED_OBJC_IMPLEMENTATIONS = YES;
				CLANG_WARN_DIRECT_OBJC_ISA_USAGE = YES_ERROR;
				CLANG_WARN_DOCUMENTATION_COMMENTS = YES;
				CLANG_WARN_EMPTY_BODY = YES;
				CLANG_WARN_ENUM_CONVERSION = YES;
				CLANG_WARN_INFINITE_RECURSION = YES;
				CLANG_WARN_INT_CONVERSION = YES;
				CLANG_WARN_NON_LITERAL_NULL_CONVERSION = YES;
				CLANG_WARN_OBJC_IMPLICIT_RETAIN_SELF = YES;
				CLANG_WARN_OBJC_LITERAL_CONVERSION = YES;
				CLANG_WARN_OBJC_ROOT_CLASS = YES_ERROR;
				CLANG_WARN_QUOTED_INCLUDE_IN_FRAMEWORK_HEADER = YES;
				CLANG_WARN_RANGE_LOOP_ANALYSIS = YES;
				CLANG_WARN_STRICT_PROTOTYPES = YES;
				CLANG_WARN_SUSPICIOUS_MOVE = YES;
				CLANG_WARN_UNGUARDED_AVAILABILITY = YES_AGGRESSIVE;
				CLANG_WARN_UNREACHABLE_CODE = YES;
				CLANG_WARN__DUPLICATE_METHOD_MATCH = YES;
				COPY_PHASE_STRIP = NO;
				DEBUG_INFORMATION_FORMAT = "dwarf-with-dsym";
				ENABLE_NS_ASSERTIONS = NO;
				ENABLE_STRICT_OBJC_MSGSEND = YES;
				GCC_C_LANGUAGE_STANDARD = gnu11;
				GCC_NO_COMMON_BLOCKS = YES;
				GCC_WARN_64_TO_32_BIT_CONVERSION = YES;
				GCC_WARN_ABOUT_RETURN_TYPE = YES_ERROR;
				GCC_WARN_UNDECLARED_SELECTOR = YES;
				GCC_WARN_UNINITIALIZED_AUTOS = YES_AGGRESSIVE;
				GCC_WARN_UNUSED_FUNCTION = YES;
				GCC_WARN_UNUSED_VARIABLE = YES;
				IPHONEOS_DEPLOYMENT_TARGET = 15.5;
				MTL_ENABLE_DEBUG_INFO = NO;
				MTL_FAST_MATH = YES;
				SDKROOT = iphoneos;
				SWIFT_COMPILATION_MODE = wholemodule;
				SWIFT_OPTIMIZATION_LEVEL = "-O";
				VALIDATE_PRODUCT = YES;
			};
			name = Release;
		};
		95210FFD283BA0F7003D059D /* Debug */ = {
			isa = XCBuildConfiguration;
			baseConfigurationReference = 373CE02B96CDED666DE3D747 /* Pods-Netflix.debug.xcconfig */;
			buildSettings = {
				ASSETCATALOG_COMPILER_APPICON_NAME = AppIcon;
				ASSETCATALOG_COMPILER_GLOBAL_ACCENT_COLOR_NAME = AccentColor;
				CODE_SIGN_STYLE = Automatic;
				CURRENT_PROJECT_VERSION = 1;
				DEVELOPMENT_TEAM = RAR2BY5DT6;
				GENERATE_INFOPLIST_FILE = YES;
				INFOPLIST_FILE = Netflix/Info.plist;
				INFOPLIST_KEY_UIApplicationSupportsIndirectInputEvents = YES;
				INFOPLIST_KEY_UILaunchStoryboardName = LaunchScreen;
				INFOPLIST_KEY_UISupportedInterfaceOrientations_iPad = "UIInterfaceOrientationPortrait UIInterfaceOrientationPortraitUpsideDown UIInterfaceOrientationLandscapeLeft UIInterfaceOrientationLandscapeRight";
				INFOPLIST_KEY_UISupportedInterfaceOrientations_iPhone = "UIInterfaceOrientationPortrait UIInterfaceOrientationLandscapeLeft UIInterfaceOrientationLandscapeRight";
				IPHONEOS_DEPLOYMENT_TARGET = 13.0;
				LD_RUNPATH_SEARCH_PATHS = (
					"$(inherited)",
					"@executable_path/Frameworks",
				);
				MARKETING_VERSION = 1.0;
				PRODUCT_BUNDLE_IDENTIFIER = tanyasamastr.Netflix;
				PRODUCT_NAME = "$(TARGET_NAME)";
				SWIFT_EMIT_LOC_STRINGS = YES;
				SWIFT_VERSION = 5.0;
				TARGETED_DEVICE_FAMILY = "1,2";
				VALIDATE_WORKSPACE = YES;
			};
			name = Debug;
		};
		95210FFE283BA0F7003D059D /* Release */ = {
			isa = XCBuildConfiguration;
			baseConfigurationReference = CB397C7B8668F3322204CF10 /* Pods-Netflix.release.xcconfig */;
			buildSettings = {
				ASSETCATALOG_COMPILER_APPICON_NAME = AppIcon;
				ASSETCATALOG_COMPILER_GLOBAL_ACCENT_COLOR_NAME = AccentColor;
				CODE_SIGN_STYLE = Automatic;
				CURRENT_PROJECT_VERSION = 1;
				DEVELOPMENT_TEAM = RAR2BY5DT6;
				GENERATE_INFOPLIST_FILE = YES;
				INFOPLIST_FILE = Netflix/Info.plist;
				INFOPLIST_KEY_UIApplicationSupportsIndirectInputEvents = YES;
				INFOPLIST_KEY_UILaunchStoryboardName = LaunchScreen;
				INFOPLIST_KEY_UISupportedInterfaceOrientations_iPad = "UIInterfaceOrientationPortrait UIInterfaceOrientationPortraitUpsideDown UIInterfaceOrientationLandscapeLeft UIInterfaceOrientationLandscapeRight";
				INFOPLIST_KEY_UISupportedInterfaceOrientations_iPhone = "UIInterfaceOrientationPortrait UIInterfaceOrientationLandscapeLeft UIInterfaceOrientationLandscapeRight";
				IPHONEOS_DEPLOYMENT_TARGET = 13.0;
				LD_RUNPATH_SEARCH_PATHS = (
					"$(inherited)",
					"@executable_path/Frameworks",
				);
				MARKETING_VERSION = 1.0;
				PRODUCT_BUNDLE_IDENTIFIER = tanyasamastr.Netflix;
				PRODUCT_NAME = "$(TARGET_NAME)";
				SWIFT_EMIT_LOC_STRINGS = YES;
				SWIFT_VERSION = 5.0;
				TARGETED_DEVICE_FAMILY = "1,2";
				VALIDATE_WORKSPACE = YES;
			};
			name = Release;
		};
		95211000283BA0F7003D059D /* Debug */ = {
			isa = XCBuildConfiguration;
			baseConfigurationReference = 6AB499C701F0FD7DCAEAFD9F /* Pods-NetflixTests.debug.xcconfig */;
			buildSettings = {
				ALWAYS_EMBED_SWIFT_STANDARD_LIBRARIES = YES;
				BUNDLE_LOADER = "$(TEST_HOST)";
				CODE_SIGN_STYLE = Automatic;
				CURRENT_PROJECT_VERSION = 1;
				DEVELOPMENT_TEAM = RAR2BY5DT6;
				GENERATE_INFOPLIST_FILE = YES;
				IPHONEOS_DEPLOYMENT_TARGET = 15.5;
				MARKETING_VERSION = 1.0;
				PRODUCT_BUNDLE_IDENTIFIER = tanyasamastr.NetflixTests;
				PRODUCT_NAME = "$(TARGET_NAME)";
				SWIFT_EMIT_LOC_STRINGS = NO;
				SWIFT_VERSION = 5.0;
				TARGETED_DEVICE_FAMILY = "1,2";
				TEST_HOST = "$(BUILT_PRODUCTS_DIR)/Netflix.app/Netflix";
			};
			name = Debug;
		};
		95211001283BA0F7003D059D /* Release */ = {
			isa = XCBuildConfiguration;
			baseConfigurationReference = 964F9C9AE19A6A6E2599799E /* Pods-NetflixTests.release.xcconfig */;
			buildSettings = {
				ALWAYS_EMBED_SWIFT_STANDARD_LIBRARIES = YES;
				BUNDLE_LOADER = "$(TEST_HOST)";
				CODE_SIGN_STYLE = Automatic;
				CURRENT_PROJECT_VERSION = 1;
				DEVELOPMENT_TEAM = RAR2BY5DT6;
				GENERATE_INFOPLIST_FILE = YES;
				IPHONEOS_DEPLOYMENT_TARGET = 15.5;
				MARKETING_VERSION = 1.0;
				PRODUCT_BUNDLE_IDENTIFIER = tanyasamastr.NetflixTests;
				PRODUCT_NAME = "$(TARGET_NAME)";
				SWIFT_EMIT_LOC_STRINGS = NO;
				SWIFT_VERSION = 5.0;
				TARGETED_DEVICE_FAMILY = "1,2";
				TEST_HOST = "$(BUILT_PRODUCTS_DIR)/Netflix.app/Netflix";
			};
			name = Release;
		};
		95211003283BA0F7003D059D /* Debug */ = {
			isa = XCBuildConfiguration;
			baseConfigurationReference = 2BBE7AD9C2A2E1519A1D376A /* Pods-Netflix-NetflixUITests.debug.xcconfig */;
			buildSettings = {
				ALWAYS_EMBED_SWIFT_STANDARD_LIBRARIES = YES;
				CODE_SIGN_STYLE = Automatic;
				CURRENT_PROJECT_VERSION = 1;
				DEVELOPMENT_TEAM = RAR2BY5DT6;
				GENERATE_INFOPLIST_FILE = YES;
				MARKETING_VERSION = 1.0;
				PRODUCT_BUNDLE_IDENTIFIER = tanyasamastr.NetflixUITests;
				PRODUCT_NAME = "$(TARGET_NAME)";
				SWIFT_EMIT_LOC_STRINGS = NO;
				SWIFT_VERSION = 5.0;
				TARGETED_DEVICE_FAMILY = "1,2";
				TEST_TARGET_NAME = Netflix;
			};
			name = Debug;
		};
		95211004283BA0F7003D059D /* Release */ = {
			isa = XCBuildConfiguration;
			baseConfigurationReference = 676C725F23550612BAFD5211 /* Pods-Netflix-NetflixUITests.release.xcconfig */;
			buildSettings = {
				ALWAYS_EMBED_SWIFT_STANDARD_LIBRARIES = YES;
				CODE_SIGN_STYLE = Automatic;
				CURRENT_PROJECT_VERSION = 1;
				DEVELOPMENT_TEAM = RAR2BY5DT6;
				GENERATE_INFOPLIST_FILE = YES;
				MARKETING_VERSION = 1.0;
				PRODUCT_BUNDLE_IDENTIFIER = tanyasamastr.NetflixUITests;
				PRODUCT_NAME = "$(TARGET_NAME)";
				SWIFT_EMIT_LOC_STRINGS = NO;
				SWIFT_VERSION = 5.0;
				TARGETED_DEVICE_FAMILY = "1,2";
				TEST_TARGET_NAME = Netflix;
			};
			name = Release;
		};
/* End XCBuildConfiguration section */

/* Begin XCConfigurationList section */
		95210FCD283BA0F4003D059D /* Build configuration list for PBXProject "Netflix" */ = {
			isa = XCConfigurationList;
			buildConfigurations = (
				95210FFA283BA0F7003D059D /* Debug */,
				95210FFB283BA0F7003D059D /* Release */,
			);
			defaultConfigurationIsVisible = 0;
			defaultConfigurationName = Release;
		};
		95210FFC283BA0F7003D059D /* Build configuration list for PBXNativeTarget "Netflix" */ = {
			isa = XCConfigurationList;
			buildConfigurations = (
				95210FFD283BA0F7003D059D /* Debug */,
				95210FFE283BA0F7003D059D /* Release */,
			);
			defaultConfigurationIsVisible = 0;
			defaultConfigurationName = Release;
		};
		95210FFF283BA0F7003D059D /* Build configuration list for PBXNativeTarget "NetflixTests" */ = {
			isa = XCConfigurationList;
			buildConfigurations = (
				95211000283BA0F7003D059D /* Debug */,
				95211001283BA0F7003D059D /* Release */,
			);
			defaultConfigurationIsVisible = 0;
			defaultConfigurationName = Release;
		};
		95211002283BA0F7003D059D /* Build configuration list for PBXNativeTarget "NetflixUITests" */ = {
			isa = XCConfigurationList;
			buildConfigurations = (
				95211003283BA0F7003D059D /* Debug */,
				95211004283BA0F7003D059D /* Release */,
			);
			defaultConfigurationIsVisible = 0;
			defaultConfigurationName = Release;
		};
/* End XCConfigurationList section */

/* Begin XCVersionGroup section */
		5A98A16D28AE3EC300EE4F72 /* NetflixDataBase.xcdatamodeld */ = {
			isa = XCVersionGroup;
			children = (
				5A98A16E28AE3EC300EE4F72 /* MovieDataBase.xcdatamodel */,
			);
			currentVersion = 5A98A16E28AE3EC300EE4F72 /* MovieDataBase.xcdatamodel */;
			path = NetflixDataBase.xcdatamodeld;
			sourceTree = "<group>";
			versionGroupType = wrapper.xcdatamodel;
		};
/* End XCVersionGroup section */
	};
	rootObject = 95210FCA283BA0F4003D059D /* Project object */;
}
